// !$*UTF8*$!
{
	archiveVersion = 1;
	classes = {
	};
	objectVersion = 51;
	objects = {

/* Begin PBXBuildFile section */
		3007D9BE26D8718900989583 /* AppDelegate.swift in Sources */ = {isa = PBXBuildFile; fileRef = 3007D9BD26D8718900989583 /* AppDelegate.swift */; };
		3007D9C226D8718900989583 /* ViewController.swift in Sources */ = {isa = PBXBuildFile; fileRef = 3007D9C126D8718900989583 /* ViewController.swift */; };
		3007D9C726D8718A00989583 /* Assets.xcassets in Resources */ = {isa = PBXBuildFile; fileRef = 3007D9C626D8718A00989583 /* Assets.xcassets */; };
		3007D9CA26D8718A00989583 /* LaunchScreen.storyboard in Resources */ = {isa = PBXBuildFile; fileRef = 3007D9C826D8718A00989583 /* LaunchScreen.storyboard */; };
		3007D9D226D8861E00989583 /* MSSlider.swift in Sources */ = {isa = PBXBuildFile; fileRef = 3007D9D126D8861E00989583 /* MSSlider.swift */; };
		430F98559C4C3C04323E31F9 /* Pods_Custom_Slider_Demo.framework in Frameworks */ = {isa = PBXBuildFile; fileRef = A7A37F5DEE1EBAC8D1EFC026 /* Pods_Custom_Slider_Demo.framework */; };
/* End PBXBuildFile section */

/* Begin PBXFileReference section */
		0BC81B9F2E3D1F18305E5E8D /* Pods-Custom-Slider-Demo.debug.xcconfig */ = {isa = PBXFileReference; includeInIndex = 1; lastKnownFileType = text.xcconfig; name = "Pods-Custom-Slider-Demo.debug.xcconfig"; path = "Target Support Files/Pods-Custom-Slider-Demo/Pods-Custom-Slider-Demo.debug.xcconfig"; sourceTree = "<group>"; };
		3007D9BA26D8718900989583 /* Custom-Slider-Demo.app */ = {isa = PBXFileReference; explicitFileType = wrapper.application; includeInIndex = 0; path = "Custom-Slider-Demo.app"; sourceTree = BUILT_PRODUCTS_DIR; };
		3007D9BD26D8718900989583 /* AppDelegate.swift */ = {isa = PBXFileReference; lastKnownFileType = sourcecode.swift; path = AppDelegate.swift; sourceTree = "<group>"; };
		3007D9C126D8718900989583 /* ViewController.swift */ = {isa = PBXFileReference; lastKnownFileType = sourcecode.swift; path = ViewController.swift; sourceTree = "<group>"; };
		3007D9C626D8718A00989583 /* Assets.xcassets */ = {isa = PBXFileReference; lastKnownFileType = folder.assetcatalog; path = Assets.xcassets; sourceTree = "<group>"; };
		3007D9C926D8718A00989583 /* Base */ = {isa = PBXFileReference; lastKnownFileType = file.storyboard; name = Base; path = Base.lproj/LaunchScreen.storyboard; sourceTree = "<group>"; };
		3007D9CB26D8718A00989583 /* Info.plist */ = {isa = PBXFileReference; lastKnownFileType = text.plist.xml; path = Info.plist; sourceTree = "<group>"; };
		3007D9D126D8861E00989583 /* MSSlider.swift */ = {isa = PBXFileReference; lastKnownFileType = sourcecode.swift; path = MSSlider.swift; sourceTree = "<group>"; };
		A7A37F5DEE1EBAC8D1EFC026 /* Pods_Custom_Slider_Demo.framework */ = {isa = PBXFileReference; explicitFileType = wrapper.framework; includeInIndex = 0; path = Pods_Custom_Slider_Demo.framework; sourceTree = BUILT_PRODUCTS_DIR; };
		E3E98A41542FC36723757212 /* Pods-Custom-Slider-Demo.release.xcconfig */ = {isa = PBXFileReference; includeInIndex = 1; lastKnownFileType = text.xcconfig; name = "Pods-Custom-Slider-Demo.release.xcconfig"; path = "Target Support Files/Pods-Custom-Slider-Demo/Pods-Custom-Slider-Demo.release.xcconfig"; sourceTree = "<group>"; };
/* End PBXFileReference section */

/* Begin PBXFrameworksBuildPhase section */
		3007D9B726D8718900989583 /* Frameworks */ = {
			isa = PBXFrameworksBuildPhase;
			buildActionMask = 2147483647;
			files = (
				430F98559C4C3C04323E31F9 /* Pods_Custom_Slider_Demo.framework in Frameworks */,
			);
			runOnlyForDeploymentPostprocessing = 0;
		};
/* End PBXFrameworksBuildPhase section */

/* Begin PBXGroup section */
		098C1F38BDD9DB4F9AC13342 /* Pods */ = {
			isa = PBXGroup;
			children = (
				0BC81B9F2E3D1F18305E5E8D /* Pods-Custom-Slider-Demo.debug.xcconfig */,
				E3E98A41542FC36723757212 /* Pods-Custom-Slider-Demo.release.xcconfig */,
			);
			path = Pods;
			sourceTree = "<group>";
		};
		3007D9B126D8718900989583 = {
			isa = PBXGroup;
			children = (
				3007D9BC26D8718900989583 /* Custom-Slider-Demo */,
				3007D9BB26D8718900989583 /* Products */,
				098C1F38BDD9DB4F9AC13342 /* Pods */,
				A493A3329F51D093462EE58C /* Frameworks */,
			);
			sourceTree = "<group>";
		};
		3007D9BB26D8718900989583 /* Products */ = {
			isa = PBXGroup;
			children = (
				3007D9BA26D8718900989583 /* Custom-Slider-Demo.app */,
			);
			name = Products;
			sourceTree = "<group>";
		};
		3007D9BC26D8718900989583 /* Custom-Slider-Demo */ = {
			isa = PBXGroup;
			children = (
				3007D9BD26D8718900989583 /* AppDelegate.swift */,
				3007D9C126D8718900989583 /* ViewController.swift */,
				3007D9D126D8861E00989583 /* MSSlider.swift */,
				3007D9C626D8718A00989583 /* Assets.xcassets */,
				3007D9C826D8718A00989583 /* LaunchScreen.storyboard */,
				3007D9CB26D8718A00989583 /* Info.plist */,
			);
			path = "Custom-Slider-Demo";
			sourceTree = "<group>";
		};
		A493A3329F51D093462EE58C /* Frameworks */ = {
			isa = PBXGroup;
			children = (
				A7A37F5DEE1EBAC8D1EFC026 /* Pods_Custom_Slider_Demo.framework */,
			);
			name = Frameworks;
			sourceTree = "<group>";
		};
/* End PBXGroup section */

/* Begin PBXNativeTarget section */
		3007D9B926D8718900989583 /* Custom-Slider-Demo */ = {
			isa = PBXNativeTarget;
			buildConfigurationList = 3007D9CE26D8718A00989583 /* Build configuration list for PBXNativeTarget "Custom-Slider-Demo" */;
			buildPhases = (
				236120E866BCA60D9F87E72B /* [CP] Check Pods Manifest.lock */,
				3007D9B626D8718900989583 /* Sources */,
				3007D9B726D8718900989583 /* Frameworks */,
				3007D9B826D8718900989583 /* Resources */,
				4C780F26B56E880D32CCB2B2 /* [CP] Embed Pods Frameworks */,
			);
			buildRules = (
			);
			dependencies = (
			);
			name = "Custom-Slider-Demo";
			productName = "Custom-Slider-Demo";
			productReference = 3007D9BA26D8718900989583 /* Custom-Slider-Demo.app */;
			productType = "com.apple.product-type.application";
		};
/* End PBXNativeTarget section */

/* Begin PBXProject section */
		3007D9B226D8718900989583 /* Project object */ = {
			isa = PBXProject;
			attributes = {
				LastSwiftUpdateCheck = 1250;
				LastUpgradeCheck = 1250;
				TargetAttributes = {
					3007D9B926D8718900989583 = {
						CreatedOnToolsVersion = 12.5.1;
					};
				};
			};
			buildConfigurationList = 3007D9B526D8718900989583 /* Build configuration list for PBXProject "Custom-Slider-Demo" */;
			compatibilityVersion = "Xcode 9.3";
			developmentRegion = en;
			hasScannedForEncodings = 0;
			knownRegions = (
				en,
				Base,
			);
			mainGroup = 3007D9B126D8718900989583;
			productRefGroup = 3007D9BB26D8718900989583 /* Products */;
			projectDirPath = "";
			projectRoot = "";
			targets = (
				3007D9B926D8718900989583 /* Custom-Slider-Demo */,
			);
		};
/* End PBXProject section */

/* Begin PBXResourcesBuildPhase section */
		3007D9B826D8718900989583 /* Resources */ = {
			isa = PBXResourcesBuildPhase;
			buildActionMask = 2147483647;
			files = (
				3007D9CA26D8718A00989583 /* LaunchScreen.storyboard in Resources */,
				3007D9C726D8718A00989583 /* Assets.xcassets in Resources */,
			);
			runOnlyForDeploymentPostprocessing = 0;
		};
/* End PBXResourcesBuildPhase section */

/* Begin PBXShellScriptBuildPhase section */
		236120E866BCA60D9F87E72B /* [CP] Check Pods Manifest.lock */ = {
			isa = PBXShellScriptBuildPhase;
			buildActionMask = 2147483647;
			files = (
			);
			inputFileListPaths = (
			);
			inputPaths = (
				"${PODS_PODFILE_DIR_PATH}/Podfile.lock",
				"${PODS_ROOT}/Manifest.lock",
			);
			name = "[CP] Check Pods Manifest.lock";
			outputFileListPaths = (
			);
			outputPaths = (
				"$(DERIVED_FILE_DIR)/Pods-Custom-Slider-Demo-checkManifestLockResult.txt",
			);
			runOnlyForDeploymentPostprocessing = 0;
			shellPath = /bin/sh;
			shellScript = "diff \"${PODS_PODFILE_DIR_PATH}/Podfile.lock\" \"${PODS_ROOT}/Manifest.lock\" > /dev/null\nif [ $? != 0 ] ; then\n    # print error to STDERR\n    echo \"error: The sandbox is not in sync with the Podfile.lock. Run 'pod install' or update your CocoaPods installation.\" >&2\n    exit 1\nfi\n# This output is used by Xcode 'outputs' to avoid re-running this script phase.\necho \"SUCCESS\" > \"${SCRIPT_OUTPUT_FILE_0}\"\n";
			showEnvVarsInLog = 0;
		};
		4C780F26B56E880D32CCB2B2 /* [CP] Embed Pods Frameworks */ = {
			isa = PBXShellScriptBuildPhase;
			buildActionMask = 2147483647;
			files = (
			);
			inputFileListPaths = (
				"${PODS_ROOT}/Target Support Files/Pods-Custom-Slider-Demo/Pods-Custom-Slider-Demo-frameworks-${CONFIGURATION}-input-files.xcfilelist",
			);
			name = "[CP] Embed Pods Frameworks";
			outputFileListPaths = (
				"${PODS_ROOT}/Target Support Files/Pods-Custom-Slider-Demo/Pods-Custom-Slider-Demo-frameworks-${CONFIGURATION}-output-files.xcfilelist",
			);
			runOnlyForDeploymentPostprocessing = 0;
			shellPath = /bin/sh;
			shellScript = "\"${PODS_ROOT}/Target Support Files/Pods-Custom-Slider-Demo/Pods-Custom-Slider-Demo-frameworks.sh\"\n";
			showEnvVarsInLog = 0;
		};
/* End PBXShellScriptBuildPhase section */

/* Begin PBXSourcesBuildPhase section */
		3007D9B626D8718900989583 /* Sources */ = {
			isa = PBXSourcesBuildPhase;
			buildActionMask = 2147483647;
			files = (
				3007D9D226D8861E00989583 /* MSSlider.swift in Sources */,
				3007D9C226D8718900989583 /* ViewController.swift in Sources */,
				3007D9BE26D8718900989583 /* AppDelegate.swift in Sources */,
			);
			runOnlyForDeploymentPostprocessing = 0;
		};
/* End PBXSourcesBuildPhase section */

/* Begin PBXVariantGroup section */
		3007D9C826D8718A00989583 /* LaunchScreen.storyboard */ = {
			isa = PBXVariantGroup;
			children = (
				3007D9C926D8718A00989583 /* Base */,
			);
			name = LaunchScreen.storyboard;
			sourceTree = "<group>";
		};
/* End PBXVariantGroup section */

/* Begin XCBuildConfiguration section */
		3007D9CC26D8718A00989583 /* Debug */ = {
			isa = XCBuildConfiguration;
			buildSettings = {
				ALWAYS_SEARCH_USER_PATHS = NO;
				CLANG_ANALYZER_NONNULL = YES;
				CLANG_ANALYZER_NUMBER_OBJECT_CONVERSION = YES_AGGRESSIVE;
				CLANG_CXX_LANGUAGE_STANDARD = "gnu++14";
				CLANG_CXX_LIBRARY = "libc++";
				CLANG_ENABLE_MODULES = YES;
				CLANG_ENABLE_OBJC_ARC = YES;
				CLANG_ENABLE_OBJC_WEAK = YES;
				CLANG_WARN_BLOCK_CAPTURE_AUTORELEASING = YES;
				CLANG_WARN_BOOL_CONVERSION = YES;
				CLANG_WARN_COMMA = YES;
				CLANG_WARN_CONSTANT_CONVERSION = YES;
				CLANG_WARN_DEPRECATED_OBJC_IMPLEMENTATIONS = YES;
				CLANG_WARN_DIRECT_OBJC_ISA_USAGE = YES_ERROR;
				CLANG_WARN_DOCUMENTATION_COMMENTS = YES;
				CLANG_WARN_EMPTY_BODY = YES;
				CLANG_WARN_ENUM_CONVERSION = YES;
				CLANG_WARN_INFINITE_RECURSION = YES;
				CLANG_WARN_INT_CONVERSION = YES;
				CLANG_WARN_NON_LITERAL_NULL_CONVERSION = YES;
				CLANG_WARN_OBJC_IMPLICIT_RETAIN_SELF = YES;
				CLANG_WARN_OBJC_LITERAL_CONVERSION = YES;
				CLANG_WARN_OBJC_ROOT_CLASS = YES_ERROR;
				CLANG_WARN_QUOTED_INCLUDE_IN_FRAMEWORK_HEADER = YES;
				CLANG_WARN_RANGE_LOOP_ANALYSIS = YES;
				CLANG_WARN_STRICT_PROTOTYPES = YES;
				CLANG_WARN_SUSPICIOUS_MOVE = YES;
				CLANG_WARN_UNGUARDED_AVAILABILITY = YES_AGGRESSIVE;
				CLANG_WARN_UNREACHABLE_CODE = YES;
				CLANG_WARN__DUPLICATE_METHOD_MATCH = YES;
				COPY_PHASE_STRIP = NO;
				DEBUG_INFORMATION_FORMAT = dwarf;
				ENABLE_STRICT_OBJC_MSGSEND = YES;
				ENABLE_TESTABILITY = YES;
				GCC_C_LANGUAGE_STANDARD = gnu11;
				GCC_DYNAMIC_NO_PIC = NO;
				GCC_NO_COMMON_BLOCKS = YES;
				GCC_OPTIMIZATION_LEVEL = 0;
				GCC_PREPROCESSOR_DEFINITIONS = (
					"DEBUG=1",
					"$(inherited)",
				);
				GCC_WARN_64_TO_32_BIT_CONVERSION = YES;
				GCC_WARN_ABOUT_RETURN_TYPE = YES_ERROR;
				GCC_WARN_UNDECLARED_SELECTOR = YES;
				GCC_WARN_UNINITIALIZED_AUTOS = YES_AGGRESSIVE;
				GCC_WARN_UNUSED_FUNCTION = YES;
				GCC_WARN_UNUSED_VARIABLE = YES;
				IPHONEOS_DEPLOYMENT_TARGET = 14.5;
				MTL_ENABLE_DEBUG_INFO = INCLUDE_SOURCE;
				MTL_FAST_MATH = YES;
				ONLY_ACTIVE_ARCH = YES;
				SDKROOT = iphoneos;
				SWIFT_ACTIVE_COMPILATION_CONDITIONS = DEBUG;
				SWIFT_OPTIMIZATION_LEVEL = "-Onone";
			};
			name = Debug;
		};
		3007D9CD26D8718A00989583 /* Release */ = {
			isa = XCBuildConfiguration;
			buildSettings = {
				ALWAYS_SEARCH_USER_PATHS = NO;
				CLANG_ANALYZER_NONNULL = YES;
				CLANG_ANALYZER_NUMBER_OBJECT_CONVERSION = YES_AGGRESSIVE;
				CLANG_CXX_LANGUAGE_STANDARD = "gnu++14";
				CLANG_CXX_LIBRARY = "libc++";
				CLANG_ENABLE_MODULES = YES;
				CLANG_ENABLE_OBJC_ARC = YES;
				CLANG_ENABLE_OBJC_WEAK = YES;
				CLANG_WARN_BLOCK_CAPTURE_AUTORELEASING = YES;
				CLANG_WARN_BOOL_CONVERSION = YES;
				CLANG_WARN_COMMA = YES;
				CLANG_WARN_CONSTANT_CONVERSION = YES;
				CLANG_WARN_DEPRECATED_OBJC_IMPLEMENTATIONS = YES;
				CLANG_WARN_DIRECT_OBJC_ISA_USAGE = YES_ERROR;
				CLANG_WARN_DOCUMENTATION_COMMENTS = YES;
				CLANG_WARN_EMPTY_BODY = YES;
				CLANG_WARN_ENUM_CONVERSION = YES;
				CLANG_WARN_INFINITE_RECURSION = YES;
				CLANG_WARN_INT_CONVERSION = YES;
				CLANG_WARN_NON_LITERAL_NULL_CONVERSION = YES;
				CLANG_WARN_OBJC_IMPLICIT_RETAIN_SELF = YES;
				CLANG_WARN_OBJC_LITERAL_CONVERSION = YES;
				CLANG_WARN_OBJC_ROOT_CLASS = YES_ERROR;
				CLANG_WARN_QUOTED_INCLUDE_IN_FRAMEWORK_HEADER = YES;
				CLANG_WARN_RANGE_LOOP_ANALYSIS = YES;
				CLANG_WARN_STRICT_PROTOTYPES = YES;
				CLANG_WARN_SUSPICIOUS_MOVE = YES;
				CLANG_WARN_UNGUARDED_AVAILABILITY = YES_AGGRESSIVE;
				CLANG_WARN_UNREACHABLE_CODE = YES;
				CLANG_WARN__DUPLICATE_METHOD_MATCH = YES;
				COPY_PHASE_STRIP = NO;
				DEBUG_INFORMATION_FORMAT = "dwarf-with-dsym";
				ENABLE_NS_ASSERTIONS = NO;
				ENABLE_STRICT_OBJC_MSGSEND = YES;
				GCC_C_LANGUAGE_STANDARD = gnu11;
				GCC_NO_COMMON_BLOCKS = YES;
				GCC_WARN_64_TO_32_BIT_CONVERSION = YES;
				GCC_WARN_ABOUT_RETURN_TYPE = YES_ERROR;
				GCC_WARN_UNDECLARED_SELECTOR = YES;
				GCC_WARN_UNINITIALIZED_AUTOS = YES_AGGRESSIVE;
				GCC_WARN_UNUSED_FUNCTION = YES;
				GCC_WARN_UNUSED_VARIABLE = YES;
				IPHONEOS_DEPLOYMENT_TARGET = 14.5;
				MTL_ENABLE_DEBUG_INFO = NO;
				MTL_FAST_MATH = YES;
				SDKROOT = iphoneos;
				SWIFT_COMPILATION_MODE = wholemodule;
				SWIFT_OPTIMIZATION_LEVEL = "-O";
				VALIDATE_PRODUCT = YES;
			};
			name = Release;
		};
		3007D9CF26D8718A00989583 /* Debug */ = {
			isa = XCBuildConfiguration;
			baseConfigurationReference = 0BC81B9F2E3D1F18305E5E8D /* Pods-Custom-Slider-Demo.debug.xcconfig */;
			buildSettings = {
				ASSETCATALOG_COMPILER_APPICON_NAME = AppIcon;
				ASSETCATALOG_COMPILER_GLOBAL_ACCENT_COLOR_NAME = AccentColor;
				CODE_SIGN_STYLE = Automatic;
				DEVELOPMENT_TEAM = T8X8L4U33S;
				INFOPLIST_FILE = "Custom-Slider-Demo/Info.plist";
				LD_RUNPATH_SEARCH_PATHS = (
					"$(inherited)",
					"@executable_path/Frameworks",
				);
				PRODUCT_BUNDLE_IDENTIFIER = "com.pinguo.Test.Custom-Slider-Demo";
				PRODUCT_NAME = "$(TARGET_NAME)";
				SWIFT_VERSION = 5.0;
				TARGETED_DEVICE_FAMILY = 1;
			};
			name = Debug;
		};
		3007D9D026D8718A00989583 /* Release */ = {
			isa = XCBuildConfiguration;
			baseConfigurationReference = E3E98A41542FC36723757212 /* Pods-Custom-Slider-Demo.release.xcconfig */;
			buildSettings = {
				ASSETCATALOG_COMPILER_APPICON_NAME = AppIcon;
				ASSETCATALOG_COMPILER_GLOBAL_ACCENT_COLOR_NAME = AccentColor;
				CODE_SIGN_STYLE = Automatic;
				DEVELOPMENT_TEAM = T8X8L4U33S;
				INFOPLIST_FILE = "Custom-Slider-Demo/Info.plist";
				LD_RUNPATH_SEARCH_PATHS = (
					"$(inherited)",
					"@executable_path/Frameworks",
				);
				PRODUCT_BUNDLE_IDENTIFIER = "com.pinguo.Test.Custom-Slider-Demo";
				PRODUCT_NAME = "$(TARGET_NAME)";
				SWIFT_VERSION = 5.0;
				TARGETED_DEVICE_FAMILY = 1;
			};
			name = Release;
		};
/* End XCBuildConfiguration section */

/* Begin XCConfigurationList section */
		3007D9B526D8718900989583 /* Build configuration list for PBXProject "Custom-Slider-Demo" */ = {
			isa = XCConfigurationList;
			buildConfigurations = (
				3007D9CC26D8718A00989583 /* Debug */,
				3007D9CD26D8718A00989583 /* Release */,
			);
			defaultConfigurationIsVisible = 0;
			defaultConfigurationName = Release;
		};
		3007D9CE26D8718A00989583 /* Build configuration list for PBXNativeTarget "Custom-Slider-Demo" */ = {
			isa = XCConfigurationList;
			buildConfigurations = (
				3007D9CF26D8718A00989583 /* Debug */,
				3007D9D026D8718A00989583 /* Release */,
			);
			defaultConfigurationIsVisible = 0;
			defaultConfigurationName = Release;
		};
/* End XCConfigurationList section */
	};
	rootObject = 3007D9B226D8718900989583 /* Project object */;
}
