// !$*UTF8*$!
{
	archiveVersion = 1;
	classes = {
	};
	objectVersion = 51;
	objects = {

/* Begin PBXBuildFile section */
		30B58C182702B1420025D6D9 /* AppDelegate.swift in Sources */ = {isa = PBXBuildFile; fileRef = 30B58C172702B1420025D6D9 /* AppDelegate.swift */; };
		30B58C1C2702B1420025D6D9 /* ViewController.swift in Sources */ = {isa = PBXBuildFile; fileRef = 30B58C1B2702B1420025D6D9 /* ViewController.swift */; };
		30B58C212702B1440025D6D9 /* Assets.xcassets in Resources */ = {isa = PBXBuildFile; fileRef = 30B58C202702B1440025D6D9 /* Assets.xcassets */; };
		30B58C242702B1440025D6D9 /* LaunchScreen.storyboard in Resources */ = {isa = PBXBuildFile; fileRef = 30B58C222702B1440025D6D9 /* LaunchScreen.storyboard */; };
		30B58C2E2702BE7F0025D6D9 /* TestView.swift in Sources */ = {isa = PBXBuildFile; fileRef = 30B58C2D2702BE7F0025D6D9 /* TestView.swift */; };
		DAC0F1217C1867E50897623F /* Pods_Swift_hitTest_View.framework in Frameworks */ = {isa = PBXBuildFile; fileRef = 581007EF1A502099305EC269 /* Pods_Swift_hitTest_View.framework */; };
/* End PBXBuildFile section */

/* Begin PBXFileReference section */
		30B58C142702B1420025D6D9 /* Swift-hitTest-View.app */ = {isa = PBXFileReference; explicitFileType = wrapper.application; includeInIndex = 0; path = "Swift-hitTest-View.app"; sourceTree = BUILT_PRODUCTS_DIR; };
		30B58C172702B1420025D6D9 /* AppDelegate.swift */ = {isa = PBXFileReference; lastKnownFileType = sourcecode.swift; path = AppDelegate.swift; sourceTree = "<group>"; };
		30B58C1B2702B1420025D6D9 /* ViewController.swift */ = {isa = PBXFileReference; lastKnownFileType = sourcecode.swift; path = ViewController.swift; sourceTree = "<group>"; };
		30B58C202702B1440025D6D9 /* Assets.xcassets */ = {isa = PBXFileReference; lastKnownFileType = folder.assetcatalog; path = Assets.xcassets; sourceTree = "<group>"; };
		30B58C232702B1440025D6D9 /* Base */ = {isa = PBXFileReference; lastKnownFileType = file.storyboard; name = Base; path = Base.lproj/LaunchScreen.storyboard; sourceTree = "<group>"; };
		30B58C252702B1440025D6D9 /* Info.plist */ = {isa = PBXFileReference; lastKnownFileType = text.plist.xml; path = Info.plist; sourceTree = "<group>"; };
		30B58C2D2702BE7F0025D6D9 /* TestView.swift */ = {isa = PBXFileReference; lastKnownFileType = sourcecode.swift; path = TestView.swift; sourceTree = "<group>"; };
		3846D35C18339F950C3FDE4A /* Pods-Swift-hitTest-View.debug.xcconfig */ = {isa = PBXFileReference; includeInIndex = 1; lastKnownFileType = text.xcconfig; name = "Pods-Swift-hitTest-View.debug.xcconfig"; path = "Target Support Files/Pods-Swift-hitTest-View/Pods-Swift-hitTest-View.debug.xcconfig"; sourceTree = "<group>"; };
		581007EF1A502099305EC269 /* Pods_Swift_hitTest_View.framework */ = {isa = PBXFileReference; explicitFileType = wrapper.framework; includeInIndex = 0; path = Pods_Swift_hitTest_View.framework; sourceTree = BUILT_PRODUCTS_DIR; };
		6A12F188FA6C9ADD993F094A /* Pods-Swift-hitTest-View.release.xcconfig */ = {isa = PBXFileReference; includeInIndex = 1; lastKnownFileType = text.xcconfig; name = "Pods-Swift-hitTest-View.release.xcconfig"; path = "Target Support Files/Pods-Swift-hitTest-View/Pods-Swift-hitTest-View.release.xcconfig"; sourceTree = "<group>"; };
/* End PBXFileReference section */

/* Begin PBXFrameworksBuildPhase section */
		30B58C112702B1420025D6D9 /* Frameworks */ = {
			isa = PBXFrameworksBuildPhase;
			buildActionMask = 2147483647;
			files = (
				DAC0F1217C1867E50897623F /* Pods_Swift_hitTest_View.framework in Frameworks */,
			);
			runOnlyForDeploymentPostprocessing = 0;
		};
/* End PBXFrameworksBuildPhase section */

/* Begin PBXGroup section */
		30B58C0B2702B1420025D6D9 = {
			isa = PBXGroup;
			children = (
				30B58C162702B1420025D6D9 /* Swift-hitTest-View */,
				30B58C152702B1420025D6D9 /* Products */,
				8CFA6B139EA0437D93671212 /* Pods */,
				8DB2C7326715CBD52B2F09E3 /* Frameworks */,
			);
			sourceTree = "<group>";
		};
		30B58C152702B1420025D6D9 /* Products */ = {
			isa = PBXGroup;
			children = (
				30B58C142702B1420025D6D9 /* Swift-hitTest-View.app */,
			);
			name = Products;
			sourceTree = "<group>";
		};
		30B58C162702B1420025D6D9 /* Swift-hitTest-View */ = {
			isa = PBXGroup;
			children = (
				30B58C172702B1420025D6D9 /* AppDelegate.swift */,
				30B58C1B2702B1420025D6D9 /* ViewController.swift */,
				30B58C2D2702BE7F0025D6D9 /* TestView.swift */,
				30B58C202702B1440025D6D9 /* Assets.xcassets */,
				30B58C222702B1440025D6D9 /* LaunchScreen.storyboard */,
				30B58C252702B1440025D6D9 /* Info.plist */,
			);
			path = "Swift-hitTest-View";
			sourceTree = "<group>";
		};
		8CFA6B139EA0437D93671212 /* Pods */ = {
			isa = PBXGroup;
			children = (
				3846D35C18339F950C3FDE4A /* Pods-Swift-hitTest-View.debug.xcconfig */,
				6A12F188FA6C9ADD993F094A /* Pods-Swift-hitTest-View.release.xcconfig */,
			);
			path = Pods;
			sourceTree = "<group>";
		};
		8DB2C7326715CBD52B2F09E3 /* Frameworks */ = {
			isa = PBXGroup;
			children = (
				581007EF1A502099305EC269 /* Pods_Swift_hitTest_View.framework */,
			);
			name = Frameworks;
			sourceTree = "<group>";
		};
/* End PBXGroup section */

/* Begin PBXNativeTarget section */
		30B58C132702B1420025D6D9 /* Swift-hitTest-View */ = {
			isa = PBXNativeTarget;
			buildConfigurationList = 30B58C282702B1440025D6D9 /* Build configuration list for PBXNativeTarget "Swift-hitTest-View" */;
			buildPhases = (
				E01453ECB976A3E194D2698C /* [CP] Check Pods Manifest.lock */,
				30B58C102702B1420025D6D9 /* Sources */,
				30B58C112702B1420025D6D9 /* Frameworks */,
				30B58C122702B1420025D6D9 /* Resources */,
				9E959F5B936DE35CB82BA64D /* [CP] Embed Pods Frameworks */,
			);
			buildRules = (
			);
			dependencies = (
			);
			name = "Swift-hitTest-View";
			productName = "Swift-hitTest-View";
			productReference = 30B58C142702B1420025D6D9 /* Swift-hitTest-View.app */;
			productType = "com.apple.product-type.application";
		};
/* End PBXNativeTarget section */

/* Begin PBXProject section */
		30B58C0C2702B1420025D6D9 /* Project object */ = {
			isa = PBXProject;
			attributes = {
				LastSwiftUpdateCheck = 1250;
				LastUpgradeCheck = 1250;
				TargetAttributes = {
					30B58C132702B1420025D6D9 = {
						CreatedOnToolsVersion = 12.5.1;
					};
				};
			};
			buildConfigurationList = 30B58C0F2702B1420025D6D9 /* Build configuration list for PBXProject "Swift-hitTest-View" */;
			compatibilityVersion = "Xcode 9.3";
			developmentRegion = en;
			hasScannedForEncodings = 0;
			knownRegions = (
				en,
				Base,
			);
			mainGroup = 30B58C0B2702B1420025D6D9;
			productRefGroup = 30B58C152702B1420025D6D9 /* Products */;
			projectDirPath = "";
			projectRoot = "";
			targets = (
				30B58C132702B1420025D6D9 /* Swift-hitTest-View */,
			);
		};
/* End PBXProject section */

/* Begin PBXResourcesBuildPhase section */
		30B58C122702B1420025D6D9 /* Resources */ = {
			isa = PBXResourcesBuildPhase;
			buildActionMask = 2147483647;
			files = (
				30B58C242702B1440025D6D9 /* LaunchScreen.storyboard in Resources */,
				30B58C212702B1440025D6D9 /* Assets.xcassets in Resources */,
			);
			runOnlyForDeploymentPostprocessing = 0;
		};
/* End PBXResourcesBuildPhase section */

/* Begin PBXShellScriptBuildPhase section */
		9E959F5B936DE35CB82BA64D /* [CP] Embed Pods Frameworks */ = {
			isa = PBXShellScriptBuildPhase;
			buildActionMask = 2147483647;
			files = (
			);
			inputFileListPaths = (
				"${PODS_ROOT}/Target Support Files/Pods-Swift-hitTest-View/Pods-Swift-hitTest-View-frameworks-${CONFIGURATION}-input-files.xcfilelist",
			);
			name = "[CP] Embed Pods Frameworks";
			outputFileListPaths = (
				"${PODS_ROOT}/Target Support Files/Pods-Swift-hitTest-View/Pods-Swift-hitTest-View-frameworks-${CONFIGURATION}-output-files.xcfilelist",
			);
			runOnlyForDeploymentPostprocessing = 0;
			shellPath = /bin/sh;
			shellScript = "\"${PODS_ROOT}/Target Support Files/Pods-Swift-hitTest-View/Pods-Swift-hitTest-View-frameworks.sh\"\n";
			showEnvVarsInLog = 0;
		};
		E01453ECB976A3E194D2698C /* [CP] Check Pods Manifest.lock */ = {
			isa = PBXShellScriptBuildPhase;
			buildActionMask = 2147483647;
			files = (
			);
			inputFileListPaths = (
			);
			inputPaths = (
				"${PODS_PODFILE_DIR_PATH}/Podfile.lock",
				"${PODS_ROOT}/Manifest.lock",
			);
			name = "[CP] Check Pods Manifest.lock";
			outputFileListPaths = (
			);
			outputPaths = (
				"$(DERIVED_FILE_DIR)/Pods-Swift-hitTest-View-checkManifestLockResult.txt",
			);
			runOnlyForDeploymentPostprocessing = 0;
			shellPath = /bin/sh;
			shellScript = "diff \"${PODS_PODFILE_DIR_PATH}/Podfile.lock\" \"${PODS_ROOT}/Manifest.lock\" > /dev/null\nif [ $? != 0 ] ; then\n    # print error to STDERR\n    echo \"error: The sandbox is not in sync with the Podfile.lock. Run 'pod install' or update your CocoaPods installation.\" >&2\n    exit 1\nfi\n# This output is used by Xcode 'outputs' to avoid re-running this script phase.\necho \"SUCCESS\" > \"${SCRIPT_OUTPUT_FILE_0}\"\n";
			showEnvVarsInLog = 0;
		};
/* End PBXShellScriptBuildPhase section */

/* Begin PBXSourcesBuildPhase section */
		30B58C102702B1420025D6D9 /* Sources */ = {
			isa = PBXSourcesBuildPhase;
			buildActionMask = 2147483647;
			files = (
				30B58C2E2702BE7F0025D6D9 /* TestView.swift in Sources */,
				30B58C1C2702B1420025D6D9 /* ViewController.swift in Sources */,
				30B58C182702B1420025D6D9 /* AppDelegate.swift in Sources */,
			);
			runOnlyForDeploymentPostprocessing = 0;
		};
/* End PBXSourcesBuildPhase section */

/* Begin PBXVariantGroup section */
		30B58C222702B1440025D6D9 /* LaunchScreen.storyboard */ = {
			isa = PBXVariantGroup;
			children = (
				30B58C232702B1440025D6D9 /* Base */,
			);
			name = LaunchScreen.storyboard;
			sourceTree = "<group>";
		};
/* End PBXVariantGroup section */

/* Begin XCBuildConfiguration section */
		30B58C262702B1440025D6D9 /* Debug */ = {
			isa = XCBuildConfiguration;
			buildSettings = {
				ALWAYS_SEARCH_USER_PATHS = NO;
				CLANG_ANALYZER_NONNULL = YES;
				CLANG_ANALYZER_NUMBER_OBJECT_CONVERSION = YES_AGGRESSIVE;
				CLANG_CXX_LANGUAGE_STANDARD = "gnu++14";
				CLANG_CXX_LIBRARY = "libc++";
				CLANG_ENABLE_MODULES = YES;
				CLANG_ENABLE_OBJC_ARC = YES;
				CLANG_ENABLE_OBJC_WEAK = YES;
				CLANG_WARN_BLOCK_CAPTURE_AUTORELEASING = YES;
				CLANG_WARN_BOOL_CONVERSION = YES;
				CLANG_WARN_COMMA = YES;
				CLANG_WARN_CONSTANT_CONVERSION = YES;
				CLANG_WARN_DEPRECATED_OBJC_IMPLEMENTATIONS = YES;
				CLANG_WARN_DIRECT_OBJC_ISA_USAGE = YES_ERROR;
				CLANG_WARN_DOCUMENTATION_COMMENTS = YES;
				CLANG_WARN_EMPTY_BODY = YES;
				CLANG_WARN_ENUM_CONVERSION = YES;
				CLANG_WARN_INFINITE_RECURSION = YES;
				CLANG_WARN_INT_CONVERSION = YES;
				CLANG_WARN_NON_LITERAL_NULL_CONVERSION = YES;
				CLANG_WARN_OBJC_IMPLICIT_RETAIN_SELF = YES;
				CLANG_WARN_OBJC_LITERAL_CONVERSION = YES;
				CLANG_WARN_OBJC_ROOT_CLASS = YES_ERROR;
				CLANG_WARN_QUOTED_INCLUDE_IN_FRAMEWORK_HEADER = YES;
				CLANG_WARN_RANGE_LOOP_ANALYSIS = YES;
				CLANG_WARN_STRICT_PROTOTYPES = YES;
				CLANG_WARN_SUSPICIOUS_MOVE = YES;
				CLANG_WARN_UNGUARDED_AVAILABILITY = YES_AGGRESSIVE;
				CLANG_WARN_UNREACHABLE_CODE = YES;
				CLANG_WARN__DUPLICATE_METHOD_MATCH = YES;
				COPY_PHASE_STRIP = NO;
				DEBUG_INFORMATION_FORMAT = dwarf;
				ENABLE_STRICT_OBJC_MSGSEND = YES;
				ENABLE_TESTABILITY = YES;
				GCC_C_LANGUAGE_STANDARD = gnu11;
				GCC_DYNAMIC_NO_PIC = NO;
				GCC_NO_COMMON_BLOCKS = YES;
				GCC_OPTIMIZATION_LEVEL = 0;
				GCC_PREPROCESSOR_DEFINITIONS = (
					"DEBUG=1",
					"$(inherited)",
				);
				GCC_WARN_64_TO_32_BIT_CONVERSION = YES;
				GCC_WARN_ABOUT_RETURN_TYPE = YES_ERROR;
				GCC_WARN_UNDECLARED_SELECTOR = YES;
				GCC_WARN_UNINITIALIZED_AUTOS = YES_AGGRESSIVE;
				GCC_WARN_UNUSED_FUNCTION = YES;
				GCC_WARN_UNUSED_VARIABLE = YES;
				IPHONEOS_DEPLOYMENT_TARGET = 14.5;
				MTL_ENABLE_DEBUG_INFO = INCLUDE_SOURCE;
				MTL_FAST_MATH = YES;
				ONLY_ACTIVE_ARCH = YES;
				SDKROOT = iphoneos;
				SWIFT_ACTIVE_COMPILATION_CONDITIONS = DEBUG;
				SWIFT_OPTIMIZATION_LEVEL = "-Onone";
			};
			name = Debug;
		};
		30B58C272702B1440025D6D9 /* Release */ = {
			isa = XCBuildConfiguration;
			buildSettings = {
				ALWAYS_SEARCH_USER_PATHS = NO;
				CLANG_ANALYZER_NONNULL = YES;
				CLANG_ANALYZER_NUMBER_OBJECT_CONVERSION = YES_AGGRESSIVE;
				CLANG_CXX_LANGUAGE_STANDARD = "gnu++14";
				CLANG_CXX_LIBRARY = "libc++";
				CLANG_ENABLE_MODULES = YES;
				CLANG_ENABLE_OBJC_ARC = YES;
				CLANG_ENABLE_OBJC_WEAK = YES;
				CLANG_WARN_BLOCK_CAPTURE_AUTORELEASING = YES;
				CLANG_WARN_BOOL_CONVERSION = YES;
				CLANG_WARN_COMMA = YES;
				CLANG_WARN_CONSTANT_CONVERSION = YES;
				CLANG_WARN_DEPRECATED_OBJC_IMPLEMENTATIONS = YES;
				CLANG_WARN_DIRECT_OBJC_ISA_USAGE = YES_ERROR;
				CLANG_WARN_DOCUMENTATION_COMMENTS = YES;
				CLANG_WARN_EMPTY_BODY = YES;
				CLANG_WARN_ENUM_CONVERSION = YES;
				CLANG_WARN_INFINITE_RECURSION = YES;
				CLANG_WARN_INT_CONVERSION = YES;
				CLANG_WARN_NON_LITERAL_NULL_CONVERSION = YES;
				CLANG_WARN_OBJC_IMPLICIT_RETAIN_SELF = YES;
				CLANG_WARN_OBJC_LITERAL_CONVERSION = YES;
				CLANG_WARN_OBJC_ROOT_CLASS = YES_ERROR;
				CLANG_WARN_QUOTED_INCLUDE_IN_FRAMEWORK_HEADER = YES;
				CLANG_WARN_RANGE_LOOP_ANALYSIS = YES;
				CLANG_WARN_STRICT_PROTOTYPES = YES;
				CLANG_WARN_SUSPICIOUS_MOVE = YES;
				CLANG_WARN_UNGUARDED_AVAILABILITY = YES_AGGRESSIVE;
				CLANG_WARN_UNREACHABLE_CODE = YES;
				CLANG_WARN__DUPLICATE_METHOD_MATCH = YES;
				COPY_PHASE_STRIP = NO;
				DEBUG_INFORMATION_FORMAT = "dwarf-with-dsym";
				ENABLE_NS_ASSERTIONS = NO;
				ENABLE_STRICT_OBJC_MSGSEND = YES;
				GCC_C_LANGUAGE_STANDARD = gnu11;
				GCC_NO_COMMON_BLOCKS = YES;
				GCC_WARN_64_TO_32_BIT_CONVERSION = YES;
				GCC_WARN_ABOUT_RETURN_TYPE = YES_ERROR;
				GCC_WARN_UNDECLARED_SELECTOR = YES;
				GCC_WARN_UNINITIALIZED_AUTOS = YES_AGGRESSIVE;
				GCC_WARN_UNUSED_FUNCTION = YES;
				GCC_WARN_UNUSED_VARIABLE = YES;
				IPHONEOS_DEPLOYMENT_TARGET = 14.5;
				MTL_ENABLE_DEBUG_INFO = NO;
				MTL_FAST_MATH = YES;
				SDKROOT = iphoneos;
				SWIFT_COMPILATION_MODE = wholemodule;
				SWIFT_OPTIMIZATION_LEVEL = "-O";
				VALIDATE_PRODUCT = YES;
			};
			name = Release;
		};
		30B58C292702B1440025D6D9 /* Debug */ = {
			isa = XCBuildConfiguration;
			baseConfigurationReference = 3846D35C18339F950C3FDE4A /* Pods-Swift-hitTest-View.debug.xcconfig */;
			buildSettings = {
				ASSETCATALOG_COMPILER_APPICON_NAME = AppIcon;
				ASSETCATALOG_COMPILER_GLOBAL_ACCENT_COLOR_NAME = AccentColor;
				CODE_SIGN_STYLE = Automatic;
				DEVELOPMENT_TEAM = T8X8L4U33S;
				INFOPLIST_FILE = "Swift-hitTest-View/Info.plist";
				LD_RUNPATH_SEARCH_PATHS = (
					"$(inherited)",
					"@executable_path/Frameworks",
				);
				PRODUCT_BUNDLE_IDENTIFIER = "com.pinguo.Test.Swift-hitTest-View";
				PRODUCT_NAME = "$(TARGET_NAME)";
				SWIFT_VERSION = 5.0;
				TARGETED_DEVICE_FAMILY = 1;
			};
			name = Debug;
		};
		30B58C2A2702B1440025D6D9 /* Release */ = {
			isa = XCBuildConfiguration;
			baseConfigurationReference = 6A12F188FA6C9ADD993F094A /* Pods-Swift-hitTest-View.release.xcconfig */;
			buildSettings = {
				ASSETCATALOG_COMPILER_APPICON_NAME = AppIcon;
				ASSETCATALOG_COMPILER_GLOBAL_ACCENT_COLOR_NAME = AccentColor;
				CODE_SIGN_STYLE = Automatic;
				DEVELOPMENT_TEAM = T8X8L4U33S;
				INFOPLIST_FILE = "Swift-hitTest-View/Info.plist";
				LD_RUNPATH_SEARCH_PATHS = (
					"$(inherited)",
					"@executable_path/Frameworks",
				);
				PRODUCT_BUNDLE_IDENTIFIER = "com.pinguo.Test.Swift-hitTest-View";
				PRODUCT_NAME = "$(TARGET_NAME)";
				SWIFT_VERSION = 5.0;
				TARGETED_DEVICE_FAMILY = 1;
			};
			name = Release;
		};
/* End XCBuildConfiguration section */

/* Begin XCConfigurationList section */
		30B58C0F2702B1420025D6D9 /* Build configuration list for PBXProject "Swift-hitTest-View" */ = {
			isa = XCConfigurationList;
			buildConfigurations = (
				30B58C262702B1440025D6D9 /* Debug */,
				30B58C272702B1440025D6D9 /* Release */,
			);
			defaultConfigurationIsVisible = 0;
			defaultConfigurationName = Release;
		};
		30B58C282702B1440025D6D9 /* Build configuration list for PBXNativeTarget "Swift-hitTest-View" */ = {
			isa = XCConfigurationList;
			buildConfigurations = (
				30B58C292702B1440025D6D9 /* Debug */,
				30B58C2A2702B1440025D6D9 /* Release */,
			);
			defaultConfigurationIsVisible = 0;
			defaultConfigurationName = Release;
		};
/* End XCConfigurationList section */
	};
	rootObject = 30B58C0C2702B1420025D6D9 /* Project object */;
}
