// !$*UTF8*$!
{
	archiveVersion = 1;
	classes = {
	};
	objectVersion = 55;
	objects = {

/* Begin PBXBuildFile section */
		303F31B02772CEA700AC6030 /* UIConfig.swift in Sources */ = {isa = PBXBuildFile; fileRef = 303F31AF2772CEA700AC6030 /* UIConfig.swift */; };
		30E96F612770888700A114B5 /* WebViewTopBar.swift in Sources */ = {isa = PBXBuildFile; fileRef = 30E96F602770888700A114B5 /* WebViewTopBar.swift */; };
		30F6B77D276F2B1D0062F087 /* AppDelegate.swift in Sources */ = {isa = PBXBuildFile; fileRef = 30F6B77C276F2B1D0062F087 /* AppDelegate.swift */; };
		30F6B781276F2B1D0062F087 /* ViewController.swift in Sources */ = {isa = PBXBuildFile; fileRef = 30F6B780276F2B1D0062F087 /* ViewController.swift */; };
		30F6B786276F2B1F0062F087 /* Assets.xcassets in Resources */ = {isa = PBXBuildFile; fileRef = 30F6B785276F2B1F0062F087 /* Assets.xcassets */; };
		30F6B789276F2B1F0062F087 /* LaunchScreen.storyboard in Resources */ = {isa = PBXBuildFile; fileRef = 30F6B787276F2B1F0062F087 /* LaunchScreen.storyboard */; };
		30F6B791276F2CC30062F087 /* WebViewController.swift in Sources */ = {isa = PBXBuildFile; fileRef = 30F6B790276F2CC20062F087 /* WebViewController.swift */; };
		76C3239730964424B3DA0643 /* Pods_WebView_Demo.framework in Frameworks */ = {isa = PBXBuildFile; fileRef = 585448B2E4BC71078C8E5B5B /* Pods_WebView_Demo.framework */; };
/* End PBXBuildFile section */

/* Begin PBXFileReference section */
		303F31AF2772CEA700AC6030 /* UIConfig.swift */ = {isa = PBXFileReference; lastKnownFileType = sourcecode.swift; path = UIConfig.swift; sourceTree = "<group>"; };
		30E96F602770888700A114B5 /* WebViewTopBar.swift */ = {isa = PBXFileReference; lastKnownFileType = sourcecode.swift; path = WebViewTopBar.swift; sourceTree = "<group>"; };
		30F6B779276F2B1D0062F087 /* WebView-Demo.app */ = {isa = PBXFileReference; explicitFileType = wrapper.application; includeInIndex = 0; path = "WebView-Demo.app"; sourceTree = BUILT_PRODUCTS_DIR; };
		30F6B77C276F2B1D0062F087 /* AppDelegate.swift */ = {isa = PBXFileReference; lastKnownFileType = sourcecode.swift; path = AppDelegate.swift; sourceTree = "<group>"; };
		30F6B780276F2B1D0062F087 /* ViewController.swift */ = {isa = PBXFileReference; lastKnownFileType = sourcecode.swift; path = ViewController.swift; sourceTree = "<group>"; };
		30F6B785276F2B1F0062F087 /* Assets.xcassets */ = {isa = PBXFileReference; lastKnownFileType = folder.assetcatalog; path = Assets.xcassets; sourceTree = "<group>"; };
		30F6B788276F2B1F0062F087 /* Base */ = {isa = PBXFileReference; lastKnownFileType = file.storyboard; name = Base; path = Base.lproj/LaunchScreen.storyboard; sourceTree = "<group>"; };
		30F6B78A276F2B1F0062F087 /* Info.plist */ = {isa = PBXFileReference; lastKnownFileType = text.plist.xml; path = Info.plist; sourceTree = "<group>"; };
		30F6B790276F2CC20062F087 /* WebViewController.swift */ = {isa = PBXFileReference; lastKnownFileType = sourcecode.swift; path = WebViewController.swift; sourceTree = "<group>"; };
		585448B2E4BC71078C8E5B5B /* Pods_WebView_Demo.framework */ = {isa = PBXFileReference; explicitFileType = wrapper.framework; includeInIndex = 0; path = Pods_WebView_Demo.framework; sourceTree = BUILT_PRODUCTS_DIR; };
		A3A238D6253F2E1672551044 /* Pods-WebView-Demo.release.xcconfig */ = {isa = PBXFileReference; includeInIndex = 1; lastKnownFileType = text.xcconfig; name = "Pods-WebView-Demo.release.xcconfig"; path = "Target Support Files/Pods-WebView-Demo/Pods-WebView-Demo.release.xcconfig"; sourceTree = "<group>"; };
		DCF931FCC893A9AB05B0EE2A /* Pods-WebView-Demo.debug.xcconfig */ = {isa = PBXFileReference; includeInIndex = 1; lastKnownFileType = text.xcconfig; name = "Pods-WebView-Demo.debug.xcconfig"; path = "Target Support Files/Pods-WebView-Demo/Pods-WebView-Demo.debug.xcconfig"; sourceTree = "<group>"; };
/* End PBXFileReference section */

/* Begin PBXFrameworksBuildPhase section */
		30F6B776276F2B1D0062F087 /* Frameworks */ = {
			isa = PBXFrameworksBuildPhase;
			buildActionMask = 2147483647;
			files = (
				76C3239730964424B3DA0643 /* Pods_WebView_Demo.framework in Frameworks */,
			);
			runOnlyForDeploymentPostprocessing = 0;
		};
/* End PBXFrameworksBuildPhase section */

/* Begin PBXGroup section */
		2A79EFD397A70E06F13DE2FE /* Pods */ = {
			isa = PBXGroup;
			children = (
				DCF931FCC893A9AB05B0EE2A /* Pods-WebView-Demo.debug.xcconfig */,
				A3A238D6253F2E1672551044 /* Pods-WebView-Demo.release.xcconfig */,
			);
			path = Pods;
			sourceTree = "<group>";
		};
		30F6B770276F2B1D0062F087 = {
			isa = PBXGroup;
			children = (
				30F6B77B276F2B1D0062F087 /* WebView-Demo */,
				30F6B77A276F2B1D0062F087 /* Products */,
				2A79EFD397A70E06F13DE2FE /* Pods */,
				A9F380B3C82C526E34FCA76F /* Frameworks */,
			);
			sourceTree = "<group>";
		};
		30F6B77A276F2B1D0062F087 /* Products */ = {
			isa = PBXGroup;
			children = (
				30F6B779276F2B1D0062F087 /* WebView-Demo.app */,
			);
			name = Products;
			sourceTree = "<group>";
		};
		30F6B77B276F2B1D0062F087 /* WebView-Demo */ = {
			isa = PBXGroup;
			children = (
				30F6B77C276F2B1D0062F087 /* AppDelegate.swift */,
				30F6B780276F2B1D0062F087 /* ViewController.swift */,
				30F6B790276F2CC20062F087 /* WebViewController.swift */,
				30E96F602770888700A114B5 /* WebViewTopBar.swift */,
				30F6B785276F2B1F0062F087 /* Assets.xcassets */,
				30F6B787276F2B1F0062F087 /* LaunchScreen.storyboard */,
				30F6B78A276F2B1F0062F087 /* Info.plist */,
				303F31AF2772CEA700AC6030 /* UIConfig.swift */,
			);
			path = "WebView-Demo";
			sourceTree = "<group>";
		};
		A9F380B3C82C526E34FCA76F /* Frameworks */ = {
			isa = PBXGroup;
			children = (
				585448B2E4BC71078C8E5B5B /* Pods_WebView_Demo.framework */,
			);
			name = Frameworks;
			sourceTree = "<group>";
		};
/* End PBXGroup section */

/* Begin PBXNativeTarget section */
		30F6B778276F2B1D0062F087 /* WebView-Demo */ = {
			isa = PBXNativeTarget;
			buildConfigurationList = 30F6B78D276F2B1F0062F087 /* Build configuration list for PBXNativeTarget "WebView-Demo" */;
			buildPhases = (
				387158002FA83AB07896EAE3 /* [CP] Check Pods Manifest.lock */,
				30F6B775276F2B1D0062F087 /* Sources */,
				30F6B776276F2B1D0062F087 /* Frameworks */,
				30F6B777276F2B1D0062F087 /* Resources */,
				F950BFCEA59A002BD85AECA3 /* [CP] Embed Pods Frameworks */,
			);
			buildRules = (
			);
			dependencies = (
			);
			name = "WebView-Demo";
			productName = "WebView-Demo";
			productReference = 30F6B779276F2B1D0062F087 /* WebView-Demo.app */;
			productType = "com.apple.product-type.application";
		};
/* End PBXNativeTarget section */

/* Begin PBXProject section */
		30F6B771276F2B1D0062F087 /* Project object */ = {
			isa = PBXProject;
			attributes = {
				BuildIndependentTargetsInParallel = 1;
				LastSwiftUpdateCheck = 1300;
				LastUpgradeCheck = 1300;
				TargetAttributes = {
					30F6B778276F2B1D0062F087 = {
						CreatedOnToolsVersion = 13.0;
					};
				};
			};
			buildConfigurationList = 30F6B774276F2B1D0062F087 /* Build configuration list for PBXProject "WebView-Demo" */;
			compatibilityVersion = "Xcode 13.0";
			developmentRegion = en;
			hasScannedForEncodings = 0;
			knownRegions = (
				en,
				Base,
			);
			mainGroup = 30F6B770276F2B1D0062F087;
			productRefGroup = 30F6B77A276F2B1D0062F087 /* Products */;
			projectDirPath = "";
			projectRoot = "";
			targets = (
				30F6B778276F2B1D0062F087 /* WebView-Demo */,
			);
		};
/* End PBXProject section */

/* Begin PBXResourcesBuildPhase section */
		30F6B777276F2B1D0062F087 /* Resources */ = {
			isa = PBXResourcesBuildPhase;
			buildActionMask = 2147483647;
			files = (
				30F6B789276F2B1F0062F087 /* LaunchScreen.storyboard in Resources */,
				30F6B786276F2B1F0062F087 /* Assets.xcassets in Resources */,
			);
			runOnlyForDeploymentPostprocessing = 0;
		};
/* End PBXResourcesBuildPhase section */

/* Begin PBXShellScriptBuildPhase section */
		387158002FA83AB07896EAE3 /* [CP] Check Pods Manifest.lock */ = {
			isa = PBXShellScriptBuildPhase;
			buildActionMask = 2147483647;
			files = (
			);
			inputFileListPaths = (
			);
			inputPaths = (
				"${PODS_PODFILE_DIR_PATH}/Podfile.lock",
				"${PODS_ROOT}/Manifest.lock",
			);
			name = "[CP] Check Pods Manifest.lock";
			outputFileListPaths = (
			);
			outputPaths = (
				"$(DERIVED_FILE_DIR)/Pods-WebView-Demo-checkManifestLockResult.txt",
			);
			runOnlyForDeploymentPostprocessing = 0;
			shellPath = /bin/sh;
			shellScript = "diff \"${PODS_PODFILE_DIR_PATH}/Podfile.lock\" \"${PODS_ROOT}/Manifest.lock\" > /dev/null\nif [ $? != 0 ] ; then\n    # print error to STDERR\n    echo \"error: The sandbox is not in sync with the Podfile.lock. Run 'pod install' or update your CocoaPods installation.\" >&2\n    exit 1\nfi\n# This output is used by Xcode 'outputs' to avoid re-running this script phase.\necho \"SUCCESS\" > \"${SCRIPT_OUTPUT_FILE_0}\"\n";
			showEnvVarsInLog = 0;
		};
		F950BFCEA59A002BD85AECA3 /* [CP] Embed Pods Frameworks */ = {
			isa = PBXShellScriptBuildPhase;
			buildActionMask = 2147483647;
			files = (
			);
			inputFileListPaths = (
				"${PODS_ROOT}/Target Support Files/Pods-WebView-Demo/Pods-WebView-Demo-frameworks-${CONFIGURATION}-input-files.xcfilelist",
			);
			name = "[CP] Embed Pods Frameworks";
			outputFileListPaths = (
				"${PODS_ROOT}/Target Support Files/Pods-WebView-Demo/Pods-WebView-Demo-frameworks-${CONFIGURATION}-output-files.xcfilelist",
			);
			runOnlyForDeploymentPostprocessing = 0;
			shellPath = /bin/sh;
			shellScript = "\"${PODS_ROOT}/Target Support Files/Pods-WebView-Demo/Pods-WebView-Demo-frameworks.sh\"\n";
			showEnvVarsInLog = 0;
		};
/* End PBXShellScriptBuildPhase section */

/* Begin PBXSourcesBuildPhase section */
		30F6B775276F2B1D0062F087 /* Sources */ = {
			isa = PBXSourcesBuildPhase;
			buildActionMask = 2147483647;
			files = (
				30F6B781276F2B1D0062F087 /* ViewController.swift in Sources */,
				303F31B02772CEA700AC6030 /* UIConfig.swift in Sources */,
				30F6B791276F2CC30062F087 /* WebViewController.swift in Sources */,
				30F6B77D276F2B1D0062F087 /* AppDelegate.swift in Sources */,
				30E96F612770888700A114B5 /* WebViewTopBar.swift in Sources */,
			);
			runOnlyForDeploymentPostprocessing = 0;
		};
/* End PBXSourcesBuildPhase section */

/* Begin PBXVariantGroup section */
		30F6B787276F2B1F0062F087 /* LaunchScreen.storyboard */ = {
			isa = PBXVariantGroup;
			children = (
				30F6B788276F2B1F0062F087 /* Base */,
			);
			name = LaunchScreen.storyboard;
			sourceTree = "<group>";
		};
/* End PBXVariantGroup section */

/* Begin XCBuildConfiguration section */
		30F6B78B276F2B1F0062F087 /* Debug */ = {
			isa = XCBuildConfiguration;
			buildSettings = {
				ALWAYS_SEARCH_USER_PATHS = NO;
				CLANG_ANALYZER_NONNULL = YES;
				CLANG_ANALYZER_NUMBER_OBJECT_CONVERSION = YES_AGGRESSIVE;
				CLANG_CXX_LANGUAGE_STANDARD = "gnu++17";
				CLANG_CXX_LIBRARY = "libc++";
				CLANG_ENABLE_MODULES = YES;
				CLANG_ENABLE_OBJC_ARC = YES;
				CLANG_ENABLE_OBJC_WEAK = YES;
				CLANG_WARN_BLOCK_CAPTURE_AUTORELEASING = YES;
				CLANG_WARN_BOOL_CONVERSION = YES;
				CLANG_WARN_COMMA = YES;
				CLANG_WARN_CONSTANT_CONVERSION = YES;
				CLANG_WARN_DEPRECATED_OBJC_IMPLEMENTATIONS = YES;
				CLANG_WARN_DIRECT_OBJC_ISA_USAGE = YES_ERROR;
				CLANG_WARN_DOCUMENTATION_COMMENTS = YES;
				CLANG_WARN_EMPTY_BODY = YES;
				CLANG_WARN_ENUM_CONVERSION = YES;
				CLANG_WARN_INFINITE_RECURSION = YES;
				CLANG_WARN_INT_CONVERSION = YES;
				CLANG_WARN_NON_LITERAL_NULL_CONVERSION = YES;
				CLANG_WARN_OBJC_IMPLICIT_RETAIN_SELF = YES;
				CLANG_WARN_OBJC_LITERAL_CONVERSION = YES;
				CLANG_WARN_OBJC_ROOT_CLASS = YES_ERROR;
				CLANG_WARN_QUOTED_INCLUDE_IN_FRAMEWORK_HEADER = YES;
				CLANG_WARN_RANGE_LOOP_ANALYSIS = YES;
				CLANG_WARN_STRICT_PROTOTYPES = YES;
				CLANG_WARN_SUSPICIOUS_MOVE = YES;
				CLANG_WARN_UNGUARDED_AVAILABILITY = YES_AGGRESSIVE;
				CLANG_WARN_UNREACHABLE_CODE = YES;
				CLANG_WARN__DUPLICATE_METHOD_MATCH = YES;
				COPY_PHASE_STRIP = NO;
				DEBUG_INFORMATION_FORMAT = dwarf;
				ENABLE_STRICT_OBJC_MSGSEND = YES;
				ENABLE_TESTABILITY = YES;
				GCC_C_LANGUAGE_STANDARD = gnu11;
				GCC_DYNAMIC_NO_PIC = NO;
				GCC_NO_COMMON_BLOCKS = YES;
				GCC_OPTIMIZATION_LEVEL = 0;
				GCC_PREPROCESSOR_DEFINITIONS = (
					"DEBUG=1",
					"$(inherited)",
				);
				GCC_WARN_64_TO_32_BIT_CONVERSION = YES;
				GCC_WARN_ABOUT_RETURN_TYPE = YES_ERROR;
				GCC_WARN_UNDECLARED_SELECTOR = YES;
				GCC_WARN_UNINITIALIZED_AUTOS = YES_AGGRESSIVE;
				GCC_WARN_UNUSED_FUNCTION = YES;
				GCC_WARN_UNUSED_VARIABLE = YES;
				IPHONEOS_DEPLOYMENT_TARGET = 15.0;
				MTL_ENABLE_DEBUG_INFO = INCLUDE_SOURCE;
				MTL_FAST_MATH = YES;
				ONLY_ACTIVE_ARCH = YES;
				SDKROOT = iphoneos;
				SWIFT_ACTIVE_COMPILATION_CONDITIONS = DEBUG;
				SWIFT_OPTIMIZATION_LEVEL = "-Onone";
			};
			name = Debug;
		};
		30F6B78C276F2B1F0062F087 /* Release */ = {
			isa = XCBuildConfiguration;
			buildSettings = {
				ALWAYS_SEARCH_USER_PATHS = NO;
				CLANG_ANALYZER_NONNULL = YES;
				CLANG_ANALYZER_NUMBER_OBJECT_CONVERSION = YES_AGGRESSIVE;
				CLANG_CXX_LANGUAGE_STANDARD = "gnu++17";
				CLANG_CXX_LIBRARY = "libc++";
				CLANG_ENABLE_MODULES = YES;
				CLANG_ENABLE_OBJC_ARC = YES;
				CLANG_ENABLE_OBJC_WEAK = YES;
				CLANG_WARN_BLOCK_CAPTURE_AUTORELEASING = YES;
				CLANG_WARN_BOOL_CONVERSION = YES;
				CLANG_WARN_COMMA = YES;
				CLANG_WARN_CONSTANT_CONVERSION = YES;
				CLANG_WARN_DEPRECATED_OBJC_IMPLEMENTATIONS = YES;
				CLANG_WARN_DIRECT_OBJC_ISA_USAGE = YES_ERROR;
				CLANG_WARN_DOCUMENTATION_COMMENTS = YES;
				CLANG_WARN_EMPTY_BODY = YES;
				CLANG_WARN_ENUM_CONVERSION = YES;
				CLANG_WARN_INFINITE_RECURSION = YES;
				CLANG_WARN_INT_CONVERSION = YES;
				CLANG_WARN_NON_LITERAL_NULL_CONVERSION = YES;
				CLANG_WARN_OBJC_IMPLICIT_RETAIN_SELF = YES;
				CLANG_WARN_OBJC_LITERAL_CONVERSION = YES;
				CLANG_WARN_OBJC_ROOT_CLASS = YES_ERROR;
				CLANG_WARN_QUOTED_INCLUDE_IN_FRAMEWORK_HEADER = YES;
				CLANG_WARN_RANGE_LOOP_ANALYSIS = YES;
				CLANG_WARN_STRICT_PROTOTYPES = YES;
				CLANG_WARN_SUSPICIOUS_MOVE = YES;
				CLANG_WARN_UNGUARDED_AVAILABILITY = YES_AGGRESSIVE;
				CLANG_WARN_UNREACHABLE_CODE = YES;
				CLANG_WARN__DUPLICATE_METHOD_MATCH = YES;
				COPY_PHASE_STRIP = NO;
				DEBUG_INFORMATION_FORMAT = "dwarf-with-dsym";
				ENABLE_NS_ASSERTIONS = NO;
				ENABLE_STRICT_OBJC_MSGSEND = YES;
				GCC_C_LANGUAGE_STANDARD = gnu11;
				GCC_NO_COMMON_BLOCKS = YES;
				GCC_WARN_64_TO_32_BIT_CONVERSION = YES;
				GCC_WARN_ABOUT_RETURN_TYPE = YES_ERROR;
				GCC_WARN_UNDECLARED_SELECTOR = YES;
				GCC_WARN_UNINITIALIZED_AUTOS = YES_AGGRESSIVE;
				GCC_WARN_UNUSED_FUNCTION = YES;
				GCC_WARN_UNUSED_VARIABLE = YES;
				IPHONEOS_DEPLOYMENT_TARGET = 15.0;
				MTL_ENABLE_DEBUG_INFO = NO;
				MTL_FAST_MATH = YES;
				SDKROOT = iphoneos;
				SWIFT_COMPILATION_MODE = wholemodule;
				SWIFT_OPTIMIZATION_LEVEL = "-O";
				VALIDATE_PRODUCT = YES;
			};
			name = Release;
		};
		30F6B78E276F2B1F0062F087 /* Debug */ = {
			isa = XCBuildConfiguration;
			baseConfigurationReference = DCF931FCC893A9AB05B0EE2A /* Pods-WebView-Demo.debug.xcconfig */;
			buildSettings = {
				ASSETCATALOG_COMPILER_APPICON_NAME = AppIcon;
				ASSETCATALOG_COMPILER_GLOBAL_ACCENT_COLOR_NAME = AccentColor;
				CODE_SIGN_STYLE = Automatic;
				CURRENT_PROJECT_VERSION = 1;
				DEVELOPMENT_TEAM = T8X8L4U33S;
				GENERATE_INFOPLIST_FILE = YES;
				INFOPLIST_FILE = "WebView-Demo/Info.plist";
				INFOPLIST_KEY_UIApplicationSupportsIndirectInputEvents = YES;
				INFOPLIST_KEY_UILaunchStoryboardName = LaunchScreen;
				INFOPLIST_KEY_UISupportedInterfaceOrientations_iPad = "UIInterfaceOrientationPortrait UIInterfaceOrientationPortraitUpsideDown UIInterfaceOrientationLandscapeLeft UIInterfaceOrientationLandscapeRight";
				INFOPLIST_KEY_UISupportedInterfaceOrientations_iPhone = "UIInterfaceOrientationPortrait UIInterfaceOrientationLandscapeLeft UIInterfaceOrientationLandscapeRight";
				LD_RUNPATH_SEARCH_PATHS = (
					"$(inherited)",
					"@executable_path/Frameworks",
				);
				MARKETING_VERSION = 1.0;
				PRODUCT_BUNDLE_IDENTIFIER = "com.pinguo.Test.WebView-Demo";
				PRODUCT_NAME = "$(TARGET_NAME)";
				SWIFT_EMIT_LOC_STRINGS = YES;
				SWIFT_VERSION = 5.0;
				TARGETED_DEVICE_FAMILY = 1;
			};
			name = Debug;
		};
		30F6B78F276F2B1F0062F087 /* Release */ = {
			isa = XCBuildConfiguration;
			baseConfigurationReference = A3A238D6253F2E1672551044 /* Pods-WebView-Demo.release.xcconfig */;
			buildSettings = {
				ASSETCATALOG_COMPILER_APPICON_NAME = AppIcon;
				ASSETCATALOG_COMPILER_GLOBAL_ACCENT_COLOR_NAME = AccentColor;
				CODE_SIGN_STYLE = Automatic;
				CURRENT_PROJECT_VERSION = 1;
				DEVELOPMENT_TEAM = T8X8L4U33S;
				GENERATE_INFOPLIST_FILE = YES;
				INFOPLIST_FILE = "WebView-Demo/Info.plist";
				INFOPLIST_KEY_UIApplicationSupportsIndirectInputEvents = YES;
				INFOPLIST_KEY_UILaunchStoryboardName = LaunchScreen;
				INFOPLIST_KEY_UISupportedInterfaceOrientations_iPad = "UIInterfaceOrientationPortrait UIInterfaceOrientationPortraitUpsideDown UIInterfaceOrientationLandscapeLeft UIInterfaceOrientationLandscapeRight";
				INFOPLIST_KEY_UISupportedInterfaceOrientations_iPhone = "UIInterfaceOrientationPortrait UIInterfaceOrientationLandscapeLeft UIInterfaceOrientationLandscapeRight";
				LD_RUNPATH_SEARCH_PATHS = (
					"$(inherited)",
					"@executable_path/Frameworks",
				);
				MARKETING_VERSION = 1.0;
				PRODUCT_BUNDLE_IDENTIFIER = "com.pinguo.Test.WebView-Demo";
				PRODUCT_NAME = "$(TARGET_NAME)";
				SWIFT_EMIT_LOC_STRINGS = YES;
				SWIFT_VERSION = 5.0;
				TARGETED_DEVICE_FAMILY = 1;
			};
			name = Release;
		};
/* End XCBuildConfiguration section */

/* Begin XCConfigurationList section */
		30F6B774276F2B1D0062F087 /* Build configuration list for PBXProject "WebView-Demo" */ = {
			isa = XCConfigurationList;
			buildConfigurations = (
				30F6B78B276F2B1F0062F087 /* Debug */,
				30F6B78C276F2B1F0062F087 /* Release */,
			);
			defaultConfigurationIsVisible = 0;
			defaultConfigurationName = Release;
		};
		30F6B78D276F2B1F0062F087 /* Build configuration list for PBXNativeTarget "WebView-Demo" */ = {
			isa = XCConfigurationList;
			buildConfigurations = (
				30F6B78E276F2B1F0062F087 /* Debug */,
				30F6B78F276F2B1F0062F087 /* Release */,
			);
			defaultConfigurationIsVisible = 0;
			defaultConfigurationName = Release;
		};
/* End XCConfigurationList section */
	};
	rootObject = 30F6B771276F2B1D0062F087 /* Project object */;
}
