// !$*UTF8*$!
{
	archiveVersion = 1;
	classes = {
	};
	objectVersion = 51;
	objects = {

/* Begin PBXBuildFile section */
		1A100E7868F72C9167D071D6 /* Pods_store_demo.framework in Frameworks */ = {isa = PBXBuildFile; fileRef = DA8888FFB4E72C6CD0687F71 /* Pods_store_demo.framework */; };
		300B49A726848DB700D48B23 /* AppDelegate.swift in Sources */ = {isa = PBXBuildFile; fileRef = 300B49A626848DB700D48B23 /* AppDelegate.swift */; };
		300B49AB26848DB700D48B23 /* ViewController.swift in Sources */ = {isa = PBXBuildFile; fileRef = 300B49AA26848DB700D48B23 /* ViewController.swift */; };
		300B49B026848DB900D48B23 /* Assets.xcassets in Resources */ = {isa = PBXBuildFile; fileRef = 300B49AF26848DB900D48B23 /* Assets.xcassets */; };
		300B49B326848DB900D48B23 /* LaunchScreen.storyboard in Resources */ = {isa = PBXBuildFile; fileRef = 300B49B126848DB900D48B23 /* LaunchScreen.storyboard */; };
		30A6B87226857086006D75BF /* icon_life@2x.png in Resources */ = {isa = PBXBuildFile; fileRef = 30A6B85F26857085006D75BF /* icon_life@2x.png */; };
		30A6B87326857086006D75BF /* icon_phone@2x.png in Resources */ = {isa = PBXBuildFile; fileRef = 30A6B86026857085006D75BF /* icon_phone@2x.png */; };
		30A6B87426857086006D75BF /* book@2x.png in Resources */ = {isa = PBXBuildFile; fileRef = 30A6B86126857085006D75BF /* book@2x.png */; };
		30A6B87526857086006D75BF /* detailBg@2x.png in Resources */ = {isa = PBXBuildFile; fileRef = 30A6B86226857085006D75BF /* detailBg@2x.png */; };
		30A6B87626857086006D75BF /* icon_pwd@2x.png in Resources */ = {isa = PBXBuildFile; fileRef = 30A6B86326857085006D75BF /* icon_pwd@2x.png */; };
		30A6B87726857086006D75BF /* mine@2x.png in Resources */ = {isa = PBXBuildFile; fileRef = 30A6B86426857085006D75BF /* mine@2x.png */; };
		30A6B87826857086006D75BF /* icon_column@2x.png in Resources */ = {isa = PBXBuildFile; fileRef = 30A6B86526857085006D75BF /* icon_column@2x.png */; };
		30A6B87926857086006D75BF /* icon_cal@2x.png in Resources */ = {isa = PBXBuildFile; fileRef = 30A6B86626857085006D75BF /* icon_cal@2x.png */; };
		30A6B87A26857086006D75BF /* icon_document@2x.png in Resources */ = {isa = PBXBuildFile; fileRef = 30A6B86726857086006D75BF /* icon_document@2x.png */; };
		30A6B87B26857086006D75BF /* icon_between@2x.png in Resources */ = {isa = PBXBuildFile; fileRef = 30A6B86826857086006D75BF /* icon_between@2x.png */; };
		30A6B87C26857086006D75BF /* defaultAvatar@2x.jpg in Resources */ = {isa = PBXBuildFile; fileRef = 30A6B86926857086006D75BF /* defaultAvatar@2x.jpg */; };
		30A6B87D26857086006D75BF /* home_selected@2x.png in Resources */ = {isa = PBXBuildFile; fileRef = 30A6B86A26857086006D75BF /* home_selected@2x.png */; };
		30A6B87E26857086006D75BF /* icon_live@2x.png in Resources */ = {isa = PBXBuildFile; fileRef = 30A6B86B26857086006D75BF /* icon_live@2x.png */; };
		30A6B87F26857086006D75BF /* home@2x.png in Resources */ = {isa = PBXBuildFile; fileRef = 30A6B86C26857086006D75BF /* home@2x.png */; };
		30A6B88026857086006D75BF /* icon_course@2x.png in Resources */ = {isa = PBXBuildFile; fileRef = 30A6B86D26857086006D75BF /* icon_course@2x.png */; };
		30A6B88126857086006D75BF /* icon_right_arrow@2x.png in Resources */ = {isa = PBXBuildFile; fileRef = 30A6B86E26857086006D75BF /* icon_right_arrow@2x.png */; };
		30A6B88226857086006D75BF /* logo@2x.png in Resources */ = {isa = PBXBuildFile; fileRef = 30A6B86F26857086006D75BF /* logo@2x.png */; };
		30A6B88326857086006D75BF /* mine_selected@2x.png in Resources */ = {isa = PBXBuildFile; fileRef = 30A6B87026857086006D75BF /* mine_selected@2x.png */; };
		30A6B88426857086006D75BF /* student@2x.png in Resources */ = {isa = PBXBuildFile; fileRef = 30A6B87126857086006D75BF /* student@2x.png */; };
		30A6B88726857998006D75BF /* R.generated.swift in Sources */ = {isa = PBXBuildFile; fileRef = 30A6B88626857998006D75BF /* R.generated.swift */; };
		30A6B88926857A0D006D75BF /* Product.swift in Sources */ = {isa = PBXBuildFile; fileRef = 30A6B88826857A0D006D75BF /* Product.swift */; };
		30A6B88C26857AA1006D75BF /* Deal.swift in Sources */ = {isa = PBXBuildFile; fileRef = 30A6B88B26857AA1006D75BF /* Deal.swift */; };
		30A6B88E26857AD5006D75BF /* FakeData.swift in Sources */ = {isa = PBXBuildFile; fileRef = 30A6B88D26857AD5006D75BF /* FakeData.swift */; };
		30A6B8912685C0D2006D75BF /* UIColorExtension.swift in Sources */ = {isa = PBXBuildFile; fileRef = 30A6B8902685C0D2006D75BF /* UIColorExtension.swift */; };
		30A6B8932685C332006D75BF /* BaseViewController.swift in Sources */ = {isa = PBXBuildFile; fileRef = 30A6B8922685C332006D75BF /* BaseViewController.swift */; };
		30A6B8952685C3C5006D75BF /* LoginViewController.swift in Sources */ = {isa = PBXBuildFile; fileRef = 30A6B8942685C3C5006D75BF /* LoginViewController.swift */; };
		30DD07602685DC52000749FD /* HomeViewController.swift in Sources */ = {isa = PBXBuildFile; fileRef = 30DD075F2685DC52000749FD /* HomeViewController.swift */; };
		30DD07622685DC78000749FD /* MineViewController.swift in Sources */ = {isa = PBXBuildFile; fileRef = 30DD07612685DC78000749FD /* MineViewController.swift */; };
		30DD07652685DFE8000749FD /* BannerView.swift in Sources */ = {isa = PBXBuildFile; fileRef = 30DD07642685DFE8000749FD /* BannerView.swift */; };
/* End PBXBuildFile section */

/* Begin PBXFileReference section */
		300B49A326848DB700D48B23 /* store-demo.app */ = {isa = PBXFileReference; explicitFileType = wrapper.application; includeInIndex = 0; path = "store-demo.app"; sourceTree = BUILT_PRODUCTS_DIR; };
		300B49A626848DB700D48B23 /* AppDelegate.swift */ = {isa = PBXFileReference; lastKnownFileType = sourcecode.swift; path = AppDelegate.swift; sourceTree = "<group>"; wrapsLines = 1; };
		300B49AA26848DB700D48B23 /* ViewController.swift */ = {isa = PBXFileReference; lastKnownFileType = sourcecode.swift; path = ViewController.swift; sourceTree = "<group>"; };
		300B49AF26848DB900D48B23 /* Assets.xcassets */ = {isa = PBXFileReference; lastKnownFileType = folder.assetcatalog; path = Assets.xcassets; sourceTree = "<group>"; };
		300B49B226848DB900D48B23 /* Base */ = {isa = PBXFileReference; lastKnownFileType = file.storyboard; name = Base; path = Base.lproj/LaunchScreen.storyboard; sourceTree = "<group>"; };
		300B49B426848DB900D48B23 /* Info.plist */ = {isa = PBXFileReference; lastKnownFileType = text.plist.xml; path = Info.plist; sourceTree = "<group>"; };
		30A6B85F26857085006D75BF /* icon_life@2x.png */ = {isa = PBXFileReference; lastKnownFileType = image.png; path = "icon_life@2x.png"; sourceTree = "<group>"; };
		30A6B86026857085006D75BF /* icon_phone@2x.png */ = {isa = PBXFileReference; lastKnownFileType = image.png; path = "icon_phone@2x.png"; sourceTree = "<group>"; };
		30A6B86126857085006D75BF /* book@2x.png */ = {isa = PBXFileReference; lastKnownFileType = image.png; path = "book@2x.png"; sourceTree = "<group>"; };
		30A6B86226857085006D75BF /* detailBg@2x.png */ = {isa = PBXFileReference; lastKnownFileType = image.png; path = "detailBg@2x.png"; sourceTree = "<group>"; };
		30A6B86326857085006D75BF /* icon_pwd@2x.png */ = {isa = PBXFileReference; lastKnownFileType = image.png; path = "icon_pwd@2x.png"; sourceTree = "<group>"; };
		30A6B86426857085006D75BF /* mine@2x.png */ = {isa = PBXFileReference; lastKnownFileType = image.png; path = "mine@2x.png"; sourceTree = "<group>"; };
		30A6B86526857085006D75BF /* icon_column@2x.png */ = {isa = PBXFileReference; lastKnownFileType = image.png; path = "icon_column@2x.png"; sourceTree = "<group>"; };
		30A6B86626857085006D75BF /* icon_cal@2x.png */ = {isa = PBXFileReference; lastKnownFileType = image.png; path = "icon_cal@2x.png"; sourceTree = "<group>"; };
		30A6B86726857086006D75BF /* icon_document@2x.png */ = {isa = PBXFileReference; lastKnownFileType = image.png; path = "icon_document@2x.png"; sourceTree = "<group>"; };
		30A6B86826857086006D75BF /* icon_between@2x.png */ = {isa = PBXFileReference; lastKnownFileType = image.png; path = "icon_between@2x.png"; sourceTree = "<group>"; };
		30A6B86926857086006D75BF /* defaultAvatar@2x.jpg */ = {isa = PBXFileReference; lastKnownFileType = image.jpeg; path = "defaultAvatar@2x.jpg"; sourceTree = "<group>"; };
		30A6B86A26857086006D75BF /* home_selected@2x.png */ = {isa = PBXFileReference; lastKnownFileType = image.png; path = "home_selected@2x.png"; sourceTree = "<group>"; };
		30A6B86B26857086006D75BF /* icon_live@2x.png */ = {isa = PBXFileReference; lastKnownFileType = image.png; path = "icon_live@2x.png"; sourceTree = "<group>"; };
		30A6B86C26857086006D75BF /* home@2x.png */ = {isa = PBXFileReference; lastKnownFileType = image.png; path = "home@2x.png"; sourceTree = "<group>"; };
		30A6B86D26857086006D75BF /* icon_course@2x.png */ = {isa = PBXFileReference; lastKnownFileType = image.png; path = "icon_course@2x.png"; sourceTree = "<group>"; };
		30A6B86E26857086006D75BF /* icon_right_arrow@2x.png */ = {isa = PBXFileReference; lastKnownFileType = image.png; path = "icon_right_arrow@2x.png"; sourceTree = "<group>"; };
		30A6B86F26857086006D75BF /* logo@2x.png */ = {isa = PBXFileReference; lastKnownFileType = image.png; path = "logo@2x.png"; sourceTree = "<group>"; };
		30A6B87026857086006D75BF /* mine_selected@2x.png */ = {isa = PBXFileReference; lastKnownFileType = image.png; path = "mine_selected@2x.png"; sourceTree = "<group>"; };
		30A6B87126857086006D75BF /* student@2x.png */ = {isa = PBXFileReference; lastKnownFileType = image.png; path = "student@2x.png"; sourceTree = "<group>"; };
		30A6B88626857998006D75BF /* R.generated.swift */ = {isa = PBXFileReference; fileEncoding = 4; lastKnownFileType = sourcecode.swift; path = R.generated.swift; sourceTree = SOURCE_ROOT; };
		30A6B88826857A0D006D75BF /* Product.swift */ = {isa = PBXFileReference; lastKnownFileType = sourcecode.swift; path = Product.swift; sourceTree = "<group>"; };
		30A6B88B26857AA1006D75BF /* Deal.swift */ = {isa = PBXFileReference; lastKnownFileType = sourcecode.swift; path = Deal.swift; sourceTree = "<group>"; };
		30A6B88D26857AD5006D75BF /* FakeData.swift */ = {isa = PBXFileReference; lastKnownFileType = sourcecode.swift; path = FakeData.swift; sourceTree = "<group>"; };
		30A6B8902685C0D2006D75BF /* UIColorExtension.swift */ = {isa = PBXFileReference; lastKnownFileType = sourcecode.swift; path = UIColorExtension.swift; sourceTree = "<group>"; };
		30A6B8922685C332006D75BF /* BaseViewController.swift */ = {isa = PBXFileReference; lastKnownFileType = sourcecode.swift; path = BaseViewController.swift; sourceTree = "<group>"; };
		30A6B8942685C3C5006D75BF /* LoginViewController.swift */ = {isa = PBXFileReference; lastKnownFileType = sourcecode.swift; path = LoginViewController.swift; sourceTree = "<group>"; };
		30DD075F2685DC52000749FD /* HomeViewController.swift */ = {isa = PBXFileReference; lastKnownFileType = sourcecode.swift; path = HomeViewController.swift; sourceTree = "<group>"; };
		30DD07612685DC78000749FD /* MineViewController.swift */ = {isa = PBXFileReference; lastKnownFileType = sourcecode.swift; path = MineViewController.swift; sourceTree = "<group>"; };
		30DD07642685DFE8000749FD /* BannerView.swift */ = {isa = PBXFileReference; lastKnownFileType = sourcecode.swift; path = BannerView.swift; sourceTree = "<group>"; };
		B42E8CDF0CECA38436E8250E /* Pods-store-demo.release.xcconfig */ = {isa = PBXFileReference; includeInIndex = 1; lastKnownFileType = text.xcconfig; name = "Pods-store-demo.release.xcconfig"; path = "Target Support Files/Pods-store-demo/Pods-store-demo.release.xcconfig"; sourceTree = "<group>"; };
		CE4915DF36DEF942D3922C56 /* Pods-store-demo.debug.xcconfig */ = {isa = PBXFileReference; includeInIndex = 1; lastKnownFileType = text.xcconfig; name = "Pods-store-demo.debug.xcconfig"; path = "Target Support Files/Pods-store-demo/Pods-store-demo.debug.xcconfig"; sourceTree = "<group>"; };
		DA8888FFB4E72C6CD0687F71 /* Pods_store_demo.framework */ = {isa = PBXFileReference; explicitFileType = wrapper.framework; includeInIndex = 0; path = Pods_store_demo.framework; sourceTree = BUILT_PRODUCTS_DIR; };
/* End PBXFileReference section */

/* Begin PBXFrameworksBuildPhase section */
		300B49A026848DB700D48B23 /* Frameworks */ = {
			isa = PBXFrameworksBuildPhase;
			buildActionMask = 2147483647;
			files = (
				1A100E7868F72C9167D071D6 /* Pods_store_demo.framework in Frameworks */,
			);
			runOnlyForDeploymentPostprocessing = 0;
		};
/* End PBXFrameworksBuildPhase section */

/* Begin PBXGroup section */
		12E7BE5635973A0FA457DB53 /* Pods */ = {
			isa = PBXGroup;
			children = (
				CE4915DF36DEF942D3922C56 /* Pods-store-demo.debug.xcconfig */,
				B42E8CDF0CECA38436E8250E /* Pods-store-demo.release.xcconfig */,
			);
			path = Pods;
			sourceTree = "<group>";
		};
		21A39BE707752880F34919E8 /* Frameworks */ = {
			isa = PBXGroup;
			children = (
				DA8888FFB4E72C6CD0687F71 /* Pods_store_demo.framework */,
			);
			name = Frameworks;
			sourceTree = "<group>";
		};
		300B499A26848DB700D48B23 = {
			isa = PBXGroup;
			children = (
				300B49A526848DB700D48B23 /* store-demo */,
				300B49A426848DB700D48B23 /* Products */,
				12E7BE5635973A0FA457DB53 /* Pods */,
				21A39BE707752880F34919E8 /* Frameworks */,
			);
			sourceTree = "<group>";
		};
		300B49A426848DB700D48B23 /* Products */ = {
			isa = PBXGroup;
			children = (
				300B49A326848DB700D48B23 /* store-demo.app */,
			);
			name = Products;
			sourceTree = "<group>";
		};
		300B49A526848DB700D48B23 /* store-demo */ = {
			isa = PBXGroup;
			children = (
				30DD07632685DFC1000749FD /* Component */,
				30A6B88F2685C0B7006D75BF /* Extensions */,
				30A6B88A26857A14006D75BF /* Model */,
				30A6B88626857998006D75BF /* R.generated.swift */,
				30A6B85E26856F61006D75BF /* Resouce */,
				300B49A626848DB700D48B23 /* AppDelegate.swift */,
				300B49AA26848DB700D48B23 /* ViewController.swift */,
				300B49AF26848DB900D48B23 /* Assets.xcassets */,
				300B49B126848DB900D48B23 /* LaunchScreen.storyboard */,
				300B49B426848DB900D48B23 /* Info.plist */,
				30A6B8922685C332006D75BF /* BaseViewController.swift */,
				30A6B8942685C3C5006D75BF /* LoginViewController.swift */,
				30DD075F2685DC52000749FD /* HomeViewController.swift */,
				30DD07612685DC78000749FD /* MineViewController.swift */,
			);
			path = "store-demo";
			sourceTree = "<group>";
		};
		30A6B85E26856F61006D75BF /* Resouce */ = {
			isa = PBXGroup;
			children = (
				30A6B86126857085006D75BF /* book@2x.png */,
				30A6B86926857086006D75BF /* defaultAvatar@2x.jpg */,
				30A6B86226857085006D75BF /* detailBg@2x.png */,
				30A6B86A26857086006D75BF /* home_selected@2x.png */,
				30A6B86C26857086006D75BF /* home@2x.png */,
				30A6B86826857086006D75BF /* icon_between@2x.png */,
				30A6B86626857085006D75BF /* icon_cal@2x.png */,
				30A6B86526857085006D75BF /* icon_column@2x.png */,
				30A6B86D26857086006D75BF /* icon_course@2x.png */,
				30A6B86726857086006D75BF /* icon_document@2x.png */,
				30A6B85F26857085006D75BF /* icon_life@2x.png */,
				30A6B86B26857086006D75BF /* icon_live@2x.png */,
				30A6B86026857085006D75BF /* icon_phone@2x.png */,
				30A6B86326857085006D75BF /* icon_pwd@2x.png */,
				30A6B86E26857086006D75BF /* icon_right_arrow@2x.png */,
				30A6B86F26857086006D75BF /* logo@2x.png */,
				30A6B87026857086006D75BF /* mine_selected@2x.png */,
				30A6B86426857085006D75BF /* mine@2x.png */,
				30A6B87126857086006D75BF /* student@2x.png */,
			);
			path = Resouce;
			sourceTree = "<group>";
		};
		30A6B88A26857A14006D75BF /* Model */ = {
			isa = PBXGroup;
			children = (
				30A6B88826857A0D006D75BF /* Product.swift */,
				30A6B88B26857AA1006D75BF /* Deal.swift */,
				30A6B88D26857AD5006D75BF /* FakeData.swift */,
			);
			name = Model;
			sourceTree = "<group>";
		};
		30A6B88F2685C0B7006D75BF /* Extensions */ = {
			isa = PBXGroup;
			children = (
				30A6B8902685C0D2006D75BF /* UIColorExtension.swift */,
			);
			path = Extensions;
			sourceTree = "<group>";
		};
		30DD07632685DFC1000749FD /* Component */ = {
			isa = PBXGroup;
			children = (
				30DD07642685DFE8000749FD /* BannerView.swift */,
			);
			path = Component;
			sourceTree = "<group>";
		};
/* End PBXGroup section */

/* Begin PBXNativeTarget section */
		300B49A226848DB700D48B23 /* store-demo */ = {
			isa = PBXNativeTarget;
			buildConfigurationList = 300B49B726848DB900D48B23 /* Build configuration list for PBXNativeTarget "store-demo" */;
			buildPhases = (
				34B7DEF249CFE254C9D96455 /* [CP] Check Pods Manifest.lock */,
				30A6B88526857188006D75BF /* ShellScript */,
				300B499F26848DB700D48B23 /* Sources */,
				300B49A026848DB700D48B23 /* Frameworks */,
				300B49A126848DB700D48B23 /* Resources */,
				1C60FFD9520BD43985BB5263 /* [CP] Embed Pods Frameworks */,
			);
			buildRules = (
			);
			dependencies = (
			);
			name = "store-demo";
			productName = "store-demo";
			productReference = 300B49A326848DB700D48B23 /* store-demo.app */;
			productType = "com.apple.product-type.application";
		};
/* End PBXNativeTarget section */

/* Begin PBXProject section */
		300B499B26848DB700D48B23 /* Project object */ = {
			isa = PBXProject;
			attributes = {
				LastSwiftUpdateCheck = 1250;
				LastUpgradeCheck = 1250;
				TargetAttributes = {
					300B49A226848DB700D48B23 = {
						CreatedOnToolsVersion = 12.5;
					};
				};
			};
			buildConfigurationList = 300B499E26848DB700D48B23 /* Build configuration list for PBXProject "store-demo" */;
			compatibilityVersion = "Xcode 9.3";
			developmentRegion = en;
			hasScannedForEncodings = 0;
			knownRegions = (
				en,
				Base,
			);
			mainGroup = 300B499A26848DB700D48B23;
			productRefGroup = 300B49A426848DB700D48B23 /* Products */;
			projectDirPath = "";
			projectRoot = "";
			targets = (
				300B49A226848DB700D48B23 /* store-demo */,
			);
		};
/* End PBXProject section */

/* Begin PBXResourcesBuildPhase section */
		300B49A126848DB700D48B23 /* Resources */ = {
			isa = PBXResourcesBuildPhase;
			buildActionMask = 2147483647;
			files = (
				30A6B87D26857086006D75BF /* home_selected@2x.png in Resources */,
				30A6B87F26857086006D75BF /* home@2x.png in Resources */,
				30A6B88326857086006D75BF /* mine_selected@2x.png in Resources */,
				30A6B88026857086006D75BF /* icon_course@2x.png in Resources */,
				30A6B87326857086006D75BF /* icon_phone@2x.png in Resources */,
				30A6B87826857086006D75BF /* icon_column@2x.png in Resources */,
				30A6B87B26857086006D75BF /* icon_between@2x.png in Resources */,
				30A6B87726857086006D75BF /* mine@2x.png in Resources */,
				30A6B88426857086006D75BF /* student@2x.png in Resources */,
				30A6B87C26857086006D75BF /* defaultAvatar@2x.jpg in Resources */,
				300B49B326848DB900D48B23 /* LaunchScreen.storyboard in Resources */,
				30A6B87A26857086006D75BF /* icon_document@2x.png in Resources */,
				30A6B87926857086006D75BF /* icon_cal@2x.png in Resources */,
				30A6B87E26857086006D75BF /* icon_live@2x.png in Resources */,
				30A6B88126857086006D75BF /* icon_right_arrow@2x.png in Resources */,
				30A6B87526857086006D75BF /* detailBg@2x.png in Resources */,
				30A6B87226857086006D75BF /* icon_life@2x.png in Resources */,
				300B49B026848DB900D48B23 /* Assets.xcassets in Resources */,
				30A6B88226857086006D75BF /* logo@2x.png in Resources */,
				30A6B87626857086006D75BF /* icon_pwd@2x.png in Resources */,
				30A6B87426857086006D75BF /* book@2x.png in Resources */,
			);
			runOnlyForDeploymentPostprocessing = 0;
		};
/* End PBXResourcesBuildPhase section */

/* Begin PBXShellScriptBuildPhase section */
		1C60FFD9520BD43985BB5263 /* [CP] Embed Pods Frameworks */ = {
			isa = PBXShellScriptBuildPhase;
			buildActionMask = 2147483647;
			files = (
			);
			inputFileListPaths = (
				"${PODS_ROOT}/Target Support Files/Pods-store-demo/Pods-store-demo-frameworks-${CONFIGURATION}-input-files.xcfilelist",
			);
			name = "[CP] Embed Pods Frameworks";
			outputFileListPaths = (
				"${PODS_ROOT}/Target Support Files/Pods-store-demo/Pods-store-demo-frameworks-${CONFIGURATION}-output-files.xcfilelist",
			);
			runOnlyForDeploymentPostprocessing = 0;
			shellPath = /bin/sh;
			shellScript = "\"${PODS_ROOT}/Target Support Files/Pods-store-demo/Pods-store-demo-frameworks.sh\"\n";
			showEnvVarsInLog = 0;
		};
		30A6B88526857188006D75BF /* ShellScript */ = {
			isa = PBXShellScriptBuildPhase;
			buildActionMask = 2147483647;
			files = (
			);
			inputFileListPaths = (
			);
			inputPaths = (
				"$TEMP_DIR/rswift-lastrun",
			);
			outputFileListPaths = (
			);
			outputPaths = (
				$SRCROOT/R.generated.swift,
			);
			runOnlyForDeploymentPostprocessing = 0;
			shellPath = /bin/sh;
			shellScript = "\"$PODS_ROOT/R.swift/rswift\" generate \"$SRCROOT/R.generated.swift\"\n";
		};
		34B7DEF249CFE254C9D96455 /* [CP] Check Pods Manifest.lock */ = {
			isa = PBXShellScriptBuildPhase;
			buildActionMask = 2147483647;
			files = (
			);
			inputFileListPaths = (
			);
			inputPaths = (
				"${PODS_PODFILE_DIR_PATH}/Podfile.lock",
				"${PODS_ROOT}/Manifest.lock",
			);
			name = "[CP] Check Pods Manifest.lock";
			outputFileListPaths = (
			);
			outputPaths = (
				"$(DERIVED_FILE_DIR)/Pods-store-demo-checkManifestLockResult.txt",
			);
			runOnlyForDeploymentPostprocessing = 0;
			shellPath = /bin/sh;
			shellScript = "diff \"${PODS_PODFILE_DIR_PATH}/Podfile.lock\" \"${PODS_ROOT}/Manifest.lock\" > /dev/null\nif [ $? != 0 ] ; then\n    # print error to STDERR\n    echo \"error: The sandbox is not in sync with the Podfile.lock. Run 'pod install' or update your CocoaPods installation.\" >&2\n    exit 1\nfi\n# This output is used by Xcode 'outputs' to avoid re-running this script phase.\necho \"SUCCESS\" > \"${SCRIPT_OUTPUT_FILE_0}\"\n";
			showEnvVarsInLog = 0;
		};
/* End PBXShellScriptBuildPhase section */

/* Begin PBXSourcesBuildPhase section */
		300B499F26848DB700D48B23 /* Sources */ = {
			isa = PBXSourcesBuildPhase;
			buildActionMask = 2147483647;
			files = (
				30A6B8952685C3C5006D75BF /* LoginViewController.swift in Sources */,
				30DD07622685DC78000749FD /* MineViewController.swift in Sources */,
				30A6B88E26857AD5006D75BF /* FakeData.swift in Sources */,
				30A6B8912685C0D2006D75BF /* UIColorExtension.swift in Sources */,
				300B49AB26848DB700D48B23 /* ViewController.swift in Sources */,
				30A6B88926857A0D006D75BF /* Product.swift in Sources */,
				30DD07602685DC52000749FD /* HomeViewController.swift in Sources */,
				30A6B88C26857AA1006D75BF /* Deal.swift in Sources */,
				30DD07652685DFE8000749FD /* BannerView.swift in Sources */,
				30A6B8932685C332006D75BF /* BaseViewController.swift in Sources */,
				300B49A726848DB700D48B23 /* AppDelegate.swift in Sources */,
				30A6B88726857998006D75BF /* R.generated.swift in Sources */,
			);
			runOnlyForDeploymentPostprocessing = 0;
		};
/* End PBXSourcesBuildPhase section */

/* Begin PBXVariantGroup section */
		300B49B126848DB900D48B23 /* LaunchScreen.storyboard */ = {
			isa = PBXVariantGroup;
			children = (
				300B49B226848DB900D48B23 /* Base */,
			);
			name = LaunchScreen.storyboard;
			sourceTree = "<group>";
		};
/* End PBXVariantGroup section */

/* Begin XCBuildConfiguration section */
		300B49B526848DB900D48B23 /* Debug */ = {
			isa = XCBuildConfiguration;
			buildSettings = {
				ALWAYS_SEARCH_USER_PATHS = NO;
				CLANG_ANALYZER_NONNULL = YES;
				CLANG_ANALYZER_NUMBER_OBJECT_CONVERSION = YES_AGGRESSIVE;
				CLANG_CXX_LANGUAGE_STANDARD = "gnu++14";
				CLANG_CXX_LIBRARY = "libc++";
				CLANG_ENABLE_MODULES = YES;
				CLANG_ENABLE_OBJC_ARC = YES;
				CLANG_ENABLE_OBJC_WEAK = YES;
				CLANG_WARN_BLOCK_CAPTURE_AUTORELEASING = YES;
				CLANG_WARN_BOOL_CONVERSION = YES;
				CLANG_WARN_COMMA = YES;
				CLANG_WARN_CONSTANT_CONVERSION = YES;
				CLANG_WARN_DEPRECATED_OBJC_IMPLEMENTATIONS = YES;
				CLANG_WARN_DIRECT_OBJC_ISA_USAGE = YES_ERROR;
				CLANG_WARN_DOCUMENTATION_COMMENTS = YES;
				CLANG_WARN_EMPTY_BODY = YES;
				CLANG_WARN_ENUM_CONVERSION = YES;
				CLANG_WARN_INFINITE_RECURSION = YES;
				CLANG_WARN_INT_CONVERSION = YES;
				CLANG_WARN_NON_LITERAL_NULL_CONVERSION = YES;
				CLANG_WARN_OBJC_IMPLICIT_RETAIN_SELF = YES;
				CLANG_WARN_OBJC_LITERAL_CONVERSION = YES;
				CLANG_WARN_OBJC_ROOT_CLASS = YES_ERROR;
				CLANG_WARN_QUOTED_INCLUDE_IN_FRAMEWORK_HEADER = YES;
				CLANG_WARN_RANGE_LOOP_ANALYSIS = YES;
				CLANG_WARN_STRICT_PROTOTYPES = YES;
				CLANG_WARN_SUSPICIOUS_MOVE = YES;
				CLANG_WARN_UNGUARDED_AVAILABILITY = YES_AGGRESSIVE;
				CLANG_WARN_UNREACHABLE_CODE = YES;
				CLANG_WARN__DUPLICATE_METHOD_MATCH = YES;
				COPY_PHASE_STRIP = NO;
				DEBUG_INFORMATION_FORMAT = dwarf;
				ENABLE_STRICT_OBJC_MSGSEND = YES;
				ENABLE_TESTABILITY = YES;
				GCC_C_LANGUAGE_STANDARD = gnu11;
				GCC_DYNAMIC_NO_PIC = NO;
				GCC_NO_COMMON_BLOCKS = YES;
				GCC_OPTIMIZATION_LEVEL = 0;
				GCC_PREPROCESSOR_DEFINITIONS = (
					"DEBUG=1",
					"$(inherited)",
				);
				GCC_WARN_64_TO_32_BIT_CONVERSION = YES;
				GCC_WARN_ABOUT_RETURN_TYPE = YES_ERROR;
				GCC_WARN_UNDECLARED_SELECTOR = YES;
				GCC_WARN_UNINITIALIZED_AUTOS = YES_AGGRESSIVE;
				GCC_WARN_UNUSED_FUNCTION = YES;
				GCC_WARN_UNUSED_VARIABLE = YES;
				IPHONEOS_DEPLOYMENT_TARGET = 14.5;
				MTL_ENABLE_DEBUG_INFO = INCLUDE_SOURCE;
				MTL_FAST_MATH = YES;
				ONLY_ACTIVE_ARCH = YES;
				SDKROOT = iphoneos;
				SWIFT_ACTIVE_COMPILATION_CONDITIONS = DEBUG;
				SWIFT_OPTIMIZATION_LEVEL = "-Onone";
			};
			name = Debug;
		};
		300B49B626848DB900D48B23 /* Release */ = {
			isa = XCBuildConfiguration;
			buildSettings = {
				ALWAYS_SEARCH_USER_PATHS = NO;
				CLANG_ANALYZER_NONNULL = YES;
				CLANG_ANALYZER_NUMBER_OBJECT_CONVERSION = YES_AGGRESSIVE;
				CLANG_CXX_LANGUAGE_STANDARD = "gnu++14";
				CLANG_CXX_LIBRARY = "libc++";
				CLANG_ENABLE_MODULES = YES;
				CLANG_ENABLE_OBJC_ARC = YES;
				CLANG_ENABLE_OBJC_WEAK = YES;
				CLANG_WARN_BLOCK_CAPTURE_AUTORELEASING = YES;
				CLANG_WARN_BOOL_CONVERSION = YES;
				CLANG_WARN_COMMA = YES;
				CLANG_WARN_CONSTANT_CONVERSION = YES;
				CLANG_WARN_DEPRECATED_OBJC_IMPLEMENTATIONS = YES;
				CLANG_WARN_DIRECT_OBJC_ISA_USAGE = YES_ERROR;
				CLANG_WARN_DOCUMENTATION_COMMENTS = YES;
				CLANG_WARN_EMPTY_BODY = YES;
				CLANG_WARN_ENUM_CONVERSION = YES;
				CLANG_WARN_INFINITE_RECURSION = YES;
				CLANG_WARN_INT_CONVERSION = YES;
				CLANG_WARN_NON_LITERAL_NULL_CONVERSION = YES;
				CLANG_WARN_OBJC_IMPLICIT_RETAIN_SELF = YES;
				CLANG_WARN_OBJC_LITERAL_CONVERSION = YES;
				CLANG_WARN_OBJC_ROOT_CLASS = YES_ERROR;
				CLANG_WARN_QUOTED_INCLUDE_IN_FRAMEWORK_HEADER = YES;
				CLANG_WARN_RANGE_LOOP_ANALYSIS = YES;
				CLANG_WARN_STRICT_PROTOTYPES = YES;
				CLANG_WARN_SUSPICIOUS_MOVE = YES;
				CLANG_WARN_UNGUARDED_AVAILABILITY = YES_AGGRESSIVE;
				CLANG_WARN_UNREACHABLE_CODE = YES;
				CLANG_WARN__DUPLICATE_METHOD_MATCH = YES;
				COPY_PHASE_STRIP = NO;
				DEBUG_INFORMATION_FORMAT = "dwarf-with-dsym";
				ENABLE_NS_ASSERTIONS = NO;
				ENABLE_STRICT_OBJC_MSGSEND = YES;
				GCC_C_LANGUAGE_STANDARD = gnu11;
				GCC_NO_COMMON_BLOCKS = YES;
				GCC_WARN_64_TO_32_BIT_CONVERSION = YES;
				GCC_WARN_ABOUT_RETURN_TYPE = YES_ERROR;
				GCC_WARN_UNDECLARED_SELECTOR = YES;
				GCC_WARN_UNINITIALIZED_AUTOS = YES_AGGRESSIVE;
				GCC_WARN_UNUSED_FUNCTION = YES;
				GCC_WARN_UNUSED_VARIABLE = YES;
				IPHONEOS_DEPLOYMENT_TARGET = 14.5;
				MTL_ENABLE_DEBUG_INFO = NO;
				MTL_FAST_MATH = YES;
				SDKROOT = iphoneos;
				SWIFT_COMPILATION_MODE = wholemodule;
				SWIFT_OPTIMIZATION_LEVEL = "-O";
				VALIDATE_PRODUCT = YES;
			};
			name = Release;
		};
		300B49B826848DB900D48B23 /* Debug */ = {
			isa = XCBuildConfiguration;
			baseConfigurationReference = CE4915DF36DEF942D3922C56 /* Pods-store-demo.debug.xcconfig */;
			buildSettings = {
				ASSETCATALOG_COMPILER_APPICON_NAME = AppIcon;
				ASSETCATALOG_COMPILER_GLOBAL_ACCENT_COLOR_NAME = AccentColor;
				CODE_SIGN_STYLE = Automatic;
				DEVELOPMENT_TEAM = T8X8L4U33S;
				INFOPLIST_FILE = "store-demo/Info.plist";
				LD_RUNPATH_SEARCH_PATHS = (
					"$(inherited)",
					"@executable_path/Frameworks",
				);
				PRODUCT_BUNDLE_IDENTIFIER = "com.pinguo.Test.store-demo";
				PRODUCT_NAME = "$(TARGET_NAME)";
				SWIFT_VERSION = 5.0;
				TARGETED_DEVICE_FAMILY = 1;
			};
			name = Debug;
		};
		300B49B926848DB900D48B23 /* Release */ = {
			isa = XCBuildConfiguration;
			baseConfigurationReference = B42E8CDF0CECA38436E8250E /* Pods-store-demo.release.xcconfig */;
			buildSettings = {
				ASSETCATALOG_COMPILER_APPICON_NAME = AppIcon;
				ASSETCATALOG_COMPILER_GLOBAL_ACCENT_COLOR_NAME = AccentColor;
				CODE_SIGN_STYLE = Automatic;
				DEVELOPMENT_TEAM = T8X8L4U33S;
				INFOPLIST_FILE = "store-demo/Info.plist";
				LD_RUNPATH_SEARCH_PATHS = (
					"$(inherited)",
					"@executable_path/Frameworks",
				);
				PRODUCT_BUNDLE_IDENTIFIER = "com.pinguo.Test.store-demo";
				PRODUCT_NAME = "$(TARGET_NAME)";
				SWIFT_VERSION = 5.0;
				TARGETED_DEVICE_FAMILY = 1;
			};
			name = Release;
		};
/* End XCBuildConfiguration section */

/* Begin XCConfigurationList section */
		300B499E26848DB700D48B23 /* Build configuration list for PBXProject "store-demo" */ = {
			isa = XCConfigurationList;
			buildConfigurations = (
				300B49B526848DB900D48B23 /* Debug */,
				300B49B626848DB900D48B23 /* Release */,
			);
			defaultConfigurationIsVisible = 0;
			defaultConfigurationName = Release;
		};
		300B49B726848DB900D48B23 /* Build configuration list for PBXNativeTarget "store-demo" */ = {
			isa = XCConfigurationList;
			buildConfigurations = (
				300B49B826848DB900D48B23 /* Debug */,
				300B49B926848DB900D48B23 /* Release */,
			);
			defaultConfigurationIsVisible = 0;
			defaultConfigurationName = Release;
		};
/* End XCConfigurationList section */
	};
	rootObject = 300B499B26848DB700D48B23 /* Project object */;
}
