// !$*UTF8*$!
{
	archiveVersion = 1;
	classes = {
	};
	objectVersion = 51;
	objects = {

/* Begin PBXBuildFile section */
		30BEE5B326E5AAA3000984F2 /* AppDelegate.swift in Sources */ = {isa = PBXBuildFile; fileRef = 30BEE5B226E5AAA3000984F2 /* AppDelegate.swift */; };
		30BEE5B726E5AAA3000984F2 /* ViewController.swift in Sources */ = {isa = PBXBuildFile; fileRef = 30BEE5B626E5AAA3000984F2 /* ViewController.swift */; };
		30BEE5BC26E5AAA5000984F2 /* Assets.xcassets in Resources */ = {isa = PBXBuildFile; fileRef = 30BEE5BB26E5AAA5000984F2 /* Assets.xcassets */; };
		30BEE5BF26E5AAA5000984F2 /* LaunchScreen.storyboard in Resources */ = {isa = PBXBuildFile; fileRef = 30BEE5BD26E5AAA5000984F2 /* LaunchScreen.storyboard */; };
		30BEE5DB26E5FB44000984F2 /* CircleView.swift in Sources */ = {isa = PBXBuildFile; fileRef = 30BEE5DA26E5FB44000984F2 /* CircleView.swift */; };
		4983AE71502EAA3798C352EB /* Pods_Progress_Loading_Demo.framework in Frameworks */ = {isa = PBXBuildFile; fileRef = 97923837779684E9C0371A8D /* Pods_Progress_Loading_Demo.framework */; };
/* End PBXBuildFile section */

/* Begin PBXFileReference section */
		1F450CF7F47D3107A54D86AA /* Pods-Progress-Loading-Demo.debug.xcconfig */ = {isa = PBXFileReference; includeInIndex = 1; lastKnownFileType = text.xcconfig; name = "Pods-Progress-Loading-Demo.debug.xcconfig"; path = "Target Support Files/Pods-Progress-Loading-Demo/Pods-Progress-Loading-Demo.debug.xcconfig"; sourceTree = "<group>"; };
		30BEE5AF26E5AAA3000984F2 /* Progress-Loading-Demo.app */ = {isa = PBXFileReference; explicitFileType = wrapper.application; includeInIndex = 0; path = "Progress-Loading-Demo.app"; sourceTree = BUILT_PRODUCTS_DIR; };
		30BEE5B226E5AAA3000984F2 /* AppDelegate.swift */ = {isa = PBXFileReference; lastKnownFileType = sourcecode.swift; path = AppDelegate.swift; sourceTree = "<group>"; };
		30BEE5B626E5AAA3000984F2 /* ViewController.swift */ = {isa = PBXFileReference; lastKnownFileType = sourcecode.swift; path = ViewController.swift; sourceTree = "<group>"; };
		30BEE5BB26E5AAA5000984F2 /* Assets.xcassets */ = {isa = PBXFileReference; lastKnownFileType = folder.assetcatalog; path = Assets.xcassets; sourceTree = "<group>"; };
		30BEE5BE26E5AAA5000984F2 /* Base */ = {isa = PBXFileReference; lastKnownFileType = file.storyboard; name = Base; path = Base.lproj/LaunchScreen.storyboard; sourceTree = "<group>"; };
		30BEE5C026E5AAA5000984F2 /* Info.plist */ = {isa = PBXFileReference; lastKnownFileType = text.plist.xml; path = Info.plist; sourceTree = "<group>"; };
		30BEE5DA26E5FB44000984F2 /* CircleView.swift */ = {isa = PBXFileReference; lastKnownFileType = sourcecode.swift; path = CircleView.swift; sourceTree = "<group>"; wrapsLines = 0; };
		6D639B85C38C2A1D24E4E9B2 /* Pods-Progress-Loading-Demo.release.xcconfig */ = {isa = PBXFileReference; includeInIndex = 1; lastKnownFileType = text.xcconfig; name = "Pods-Progress-Loading-Demo.release.xcconfig"; path = "Target Support Files/Pods-Progress-Loading-Demo/Pods-Progress-Loading-Demo.release.xcconfig"; sourceTree = "<group>"; };
		97923837779684E9C0371A8D /* Pods_Progress_Loading_Demo.framework */ = {isa = PBXFileReference; explicitFileType = wrapper.framework; includeInIndex = 0; path = Pods_Progress_Loading_Demo.framework; sourceTree = BUILT_PRODUCTS_DIR; };
/* End PBXFileReference section */

/* Begin PBXFrameworksBuildPhase section */
		30BEE5AC26E5AAA3000984F2 /* Frameworks */ = {
			isa = PBXFrameworksBuildPhase;
			buildActionMask = 2147483647;
			files = (
				4983AE71502EAA3798C352EB /* Pods_Progress_Loading_Demo.framework in Frameworks */,
			);
			runOnlyForDeploymentPostprocessing = 0;
		};
/* End PBXFrameworksBuildPhase section */

/* Begin PBXGroup section */
		30BEE5A626E5AAA3000984F2 = {
			isa = PBXGroup;
			children = (
				30BEE5B126E5AAA3000984F2 /* Progress-Loading-Demo */,
				30BEE5B026E5AAA3000984F2 /* Products */,
				CEF136294A420AF6F809C1BA /* Pods */,
				DC26555A05B1CC6DFEBCA866 /* Frameworks */,
			);
			sourceTree = "<group>";
		};
		30BEE5B026E5AAA3000984F2 /* Products */ = {
			isa = PBXGroup;
			children = (
				30BEE5AF26E5AAA3000984F2 /* Progress-Loading-Demo.app */,
			);
			name = Products;
			sourceTree = "<group>";
		};
		30BEE5B126E5AAA3000984F2 /* Progress-Loading-Demo */ = {
			isa = PBXGroup;
			children = (
				30BEE5B226E5AAA3000984F2 /* AppDelegate.swift */,
				30BEE5B626E5AAA3000984F2 /* ViewController.swift */,
				30BEE5DA26E5FB44000984F2 /* CircleView.swift */,
				30BEE5BB26E5AAA5000984F2 /* Assets.xcassets */,
				30BEE5BD26E5AAA5000984F2 /* LaunchScreen.storyboard */,
				30BEE5C026E5AAA5000984F2 /* Info.plist */,
			);
			path = "Progress-Loading-Demo";
			sourceTree = "<group>";
		};
		CEF136294A420AF6F809C1BA /* Pods */ = {
			isa = PBXGroup;
			children = (
				1F450CF7F47D3107A54D86AA /* Pods-Progress-Loading-Demo.debug.xcconfig */,
				6D639B85C38C2A1D24E4E9B2 /* Pods-Progress-Loading-Demo.release.xcconfig */,
			);
			path = Pods;
			sourceTree = "<group>";
		};
		DC26555A05B1CC6DFEBCA866 /* Frameworks */ = {
			isa = PBXGroup;
			children = (
				97923837779684E9C0371A8D /* Pods_Progress_Loading_Demo.framework */,
			);
			name = Frameworks;
			sourceTree = "<group>";
		};
/* End PBXGroup section */

/* Begin PBXNativeTarget section */
		30BEE5AE26E5AAA3000984F2 /* Progress-Loading-Demo */ = {
			isa = PBXNativeTarget;
			buildConfigurationList = 30BEE5C326E5AAA5000984F2 /* Build configuration list for PBXNativeTarget "Progress-Loading-Demo" */;
			buildPhases = (
				945607701CC451BA5974E252 /* [CP] Check Pods Manifest.lock */,
				30BEE5AB26E5AAA3000984F2 /* Sources */,
				30BEE5AC26E5AAA3000984F2 /* Frameworks */,
				30BEE5AD26E5AAA3000984F2 /* Resources */,
				CFC89B6FDC06774D0C1553D3 /* [CP] Embed Pods Frameworks */,
			);
			buildRules = (
			);
			dependencies = (
			);
			name = "Progress-Loading-Demo";
			productName = "Progress-Loading-Demo";
			productReference = 30BEE5AF26E5AAA3000984F2 /* Progress-Loading-Demo.app */;
			productType = "com.apple.product-type.application";
		};
/* End PBXNativeTarget section */

/* Begin PBXProject section */
		30BEE5A726E5AAA3000984F2 /* Project object */ = {
			isa = PBXProject;
			attributes = {
				LastSwiftUpdateCheck = 1250;
				LastUpgradeCheck = 1250;
				TargetAttributes = {
					30BEE5AE26E5AAA3000984F2 = {
						CreatedOnToolsVersion = 12.5.1;
					};
				};
			};
			buildConfigurationList = 30BEE5AA26E5AAA3000984F2 /* Build configuration list for PBXProject "Progress-Loading-Demo" */;
			compatibilityVersion = "Xcode 9.3";
			developmentRegion = en;
			hasScannedForEncodings = 0;
			knownRegions = (
				en,
				Base,
			);
			mainGroup = 30BEE5A626E5AAA3000984F2;
			productRefGroup = 30BEE5B026E5AAA3000984F2 /* Products */;
			projectDirPath = "";
			projectRoot = "";
			targets = (
				30BEE5AE26E5AAA3000984F2 /* Progress-Loading-Demo */,
			);
		};
/* End PBXProject section */

/* Begin PBXResourcesBuildPhase section */
		30BEE5AD26E5AAA3000984F2 /* Resources */ = {
			isa = PBXResourcesBuildPhase;
			buildActionMask = 2147483647;
			files = (
				30BEE5BF26E5AAA5000984F2 /* LaunchScreen.storyboard in Resources */,
				30BEE5BC26E5AAA5000984F2 /* Assets.xcassets in Resources */,
			);
			runOnlyForDeploymentPostprocessing = 0;
		};
/* End PBXResourcesBuildPhase section */

/* Begin PBXShellScriptBuildPhase section */
		945607701CC451BA5974E252 /* [CP] Check Pods Manifest.lock */ = {
			isa = PBXShellScriptBuildPhase;
			buildActionMask = 2147483647;
			files = (
			);
			inputFileListPaths = (
			);
			inputPaths = (
				"${PODS_PODFILE_DIR_PATH}/Podfile.lock",
				"${PODS_ROOT}/Manifest.lock",
			);
			name = "[CP] Check Pods Manifest.lock";
			outputFileListPaths = (
			);
			outputPaths = (
				"$(DERIVED_FILE_DIR)/Pods-Progress-Loading-Demo-checkManifestLockResult.txt",
			);
			runOnlyForDeploymentPostprocessing = 0;
			shellPath = /bin/sh;
			shellScript = "diff \"${PODS_PODFILE_DIR_PATH}/Podfile.lock\" \"${PODS_ROOT}/Manifest.lock\" > /dev/null\nif [ $? != 0 ] ; then\n    # print error to STDERR\n    echo \"error: The sandbox is not in sync with the Podfile.lock. Run 'pod install' or update your CocoaPods installation.\" >&2\n    exit 1\nfi\n# This output is used by Xcode 'outputs' to avoid re-running this script phase.\necho \"SUCCESS\" > \"${SCRIPT_OUTPUT_FILE_0}\"\n";
			showEnvVarsInLog = 0;
		};
		CFC89B6FDC06774D0C1553D3 /* [CP] Embed Pods Frameworks */ = {
			isa = PBXShellScriptBuildPhase;
			buildActionMask = 2147483647;
			files = (
			);
			inputFileListPaths = (
				"${PODS_ROOT}/Target Support Files/Pods-Progress-Loading-Demo/Pods-Progress-Loading-Demo-frameworks-${CONFIGURATION}-input-files.xcfilelist",
			);
			name = "[CP] Embed Pods Frameworks";
			outputFileListPaths = (
				"${PODS_ROOT}/Target Support Files/Pods-Progress-Loading-Demo/Pods-Progress-Loading-Demo-frameworks-${CONFIGURATION}-output-files.xcfilelist",
			);
			runOnlyForDeploymentPostprocessing = 0;
			shellPath = /bin/sh;
			shellScript = "\"${PODS_ROOT}/Target Support Files/Pods-Progress-Loading-Demo/Pods-Progress-Loading-Demo-frameworks.sh\"\n";
			showEnvVarsInLog = 0;
		};
/* End PBXShellScriptBuildPhase section */

/* Begin PBXSourcesBuildPhase section */
		30BEE5AB26E5AAA3000984F2 /* Sources */ = {
			isa = PBXSourcesBuildPhase;
			buildActionMask = 2147483647;
			files = (
				30BEE5DB26E5FB44000984F2 /* CircleView.swift in Sources */,
				30BEE5B726E5AAA3000984F2 /* ViewController.swift in Sources */,
				30BEE5B326E5AAA3000984F2 /* AppDelegate.swift in Sources */,
			);
			runOnlyForDeploymentPostprocessing = 0;
		};
/* End PBXSourcesBuildPhase section */

/* Begin PBXVariantGroup section */
		30BEE5BD26E5AAA5000984F2 /* LaunchScreen.storyboard */ = {
			isa = PBXVariantGroup;
			children = (
				30BEE5BE26E5AAA5000984F2 /* Base */,
			);
			name = LaunchScreen.storyboard;
			sourceTree = "<group>";
		};
/* End PBXVariantGroup section */

/* Begin XCBuildConfiguration section */
		30BEE5C126E5AAA5000984F2 /* Debug */ = {
			isa = XCBuildConfiguration;
			buildSettings = {
				ALWAYS_SEARCH_USER_PATHS = NO;
				CLANG_ANALYZER_NONNULL = YES;
				CLANG_ANALYZER_NUMBER_OBJECT_CONVERSION = YES_AGGRESSIVE;
				CLANG_CXX_LANGUAGE_STANDARD = "gnu++14";
				CLANG_CXX_LIBRARY = "libc++";
				CLANG_ENABLE_MODULES = YES;
				CLANG_ENABLE_OBJC_ARC = YES;
				CLANG_ENABLE_OBJC_WEAK = YES;
				CLANG_WARN_BLOCK_CAPTURE_AUTORELEASING = YES;
				CLANG_WARN_BOOL_CONVERSION = YES;
				CLANG_WARN_COMMA = YES;
				CLANG_WARN_CONSTANT_CONVERSION = YES;
				CLANG_WARN_DEPRECATED_OBJC_IMPLEMENTATIONS = YES;
				CLANG_WARN_DIRECT_OBJC_ISA_USAGE = YES_ERROR;
				CLANG_WARN_DOCUMENTATION_COMMENTS = YES;
				CLANG_WARN_EMPTY_BODY = YES;
				CLANG_WARN_ENUM_CONVERSION = YES;
				CLANG_WARN_INFINITE_RECURSION = YES;
				CLANG_WARN_INT_CONVERSION = YES;
				CLANG_WARN_NON_LITERAL_NULL_CONVERSION = YES;
				CLANG_WARN_OBJC_IMPLICIT_RETAIN_SELF = YES;
				CLANG_WARN_OBJC_LITERAL_CONVERSION = YES;
				CLANG_WARN_OBJC_ROOT_CLASS = YES_ERROR;
				CLANG_WARN_QUOTED_INCLUDE_IN_FRAMEWORK_HEADER = YES;
				CLANG_WARN_RANGE_LOOP_ANALYSIS = YES;
				CLANG_WARN_STRICT_PROTOTYPES = YES;
				CLANG_WARN_SUSPICIOUS_MOVE = YES;
				CLANG_WARN_UNGUARDED_AVAILABILITY = YES_AGGRESSIVE;
				CLANG_WARN_UNREACHABLE_CODE = YES;
				CLANG_WARN__DUPLICATE_METHOD_MATCH = YES;
				COPY_PHASE_STRIP = NO;
				DEBUG_INFORMATION_FORMAT = dwarf;
				ENABLE_STRICT_OBJC_MSGSEND = YES;
				ENABLE_TESTABILITY = YES;
				GCC_C_LANGUAGE_STANDARD = gnu11;
				GCC_DYNAMIC_NO_PIC = NO;
				GCC_NO_COMMON_BLOCKS = YES;
				GCC_OPTIMIZATION_LEVEL = 0;
				GCC_PREPROCESSOR_DEFINITIONS = (
					"DEBUG=1",
					"$(inherited)",
				);
				GCC_WARN_64_TO_32_BIT_CONVERSION = YES;
				GCC_WARN_ABOUT_RETURN_TYPE = YES_ERROR;
				GCC_WARN_UNDECLARED_SELECTOR = YES;
				GCC_WARN_UNINITIALIZED_AUTOS = YES_AGGRESSIVE;
				GCC_WARN_UNUSED_FUNCTION = YES;
				GCC_WARN_UNUSED_VARIABLE = YES;
				IPHONEOS_DEPLOYMENT_TARGET = 14.5;
				MTL_ENABLE_DEBUG_INFO = INCLUDE_SOURCE;
				MTL_FAST_MATH = YES;
				ONLY_ACTIVE_ARCH = YES;
				SDKROOT = iphoneos;
				SWIFT_ACTIVE_COMPILATION_CONDITIONS = DEBUG;
				SWIFT_OPTIMIZATION_LEVEL = "-Onone";
			};
			name = Debug;
		};
		30BEE5C226E5AAA5000984F2 /* Release */ = {
			isa = XCBuildConfiguration;
			buildSettings = {
				ALWAYS_SEARCH_USER_PATHS = NO;
				CLANG_ANALYZER_NONNULL = YES;
				CLANG_ANALYZER_NUMBER_OBJECT_CONVERSION = YES_AGGRESSIVE;
				CLANG_CXX_LANGUAGE_STANDARD = "gnu++14";
				CLANG_CXX_LIBRARY = "libc++";
				CLANG_ENABLE_MODULES = YES;
				CLANG_ENABLE_OBJC_ARC = YES;
				CLANG_ENABLE_OBJC_WEAK = YES;
				CLANG_WARN_BLOCK_CAPTURE_AUTORELEASING = YES;
				CLANG_WARN_BOOL_CONVERSION = YES;
				CLANG_WARN_COMMA = YES;
				CLANG_WARN_CONSTANT_CONVERSION = YES;
				CLANG_WARN_DEPRECATED_OBJC_IMPLEMENTATIONS = YES;
				CLANG_WARN_DIRECT_OBJC_ISA_USAGE = YES_ERROR;
				CLANG_WARN_DOCUMENTATION_COMMENTS = YES;
				CLANG_WARN_EMPTY_BODY = YES;
				CLANG_WARN_ENUM_CONVERSION = YES;
				CLANG_WARN_INFINITE_RECURSION = YES;
				CLANG_WARN_INT_CONVERSION = YES;
				CLANG_WARN_NON_LITERAL_NULL_CONVERSION = YES;
				CLANG_WARN_OBJC_IMPLICIT_RETAIN_SELF = YES;
				CLANG_WARN_OBJC_LITERAL_CONVERSION = YES;
				CLANG_WARN_OBJC_ROOT_CLASS = YES_ERROR;
				CLANG_WARN_QUOTED_INCLUDE_IN_FRAMEWORK_HEADER = YES;
				CLANG_WARN_RANGE_LOOP_ANALYSIS = YES;
				CLANG_WARN_STRICT_PROTOTYPES = YES;
				CLANG_WARN_SUSPICIOUS_MOVE = YES;
				CLANG_WARN_UNGUARDED_AVAILABILITY = YES_AGGRESSIVE;
				CLANG_WARN_UNREACHABLE_CODE = YES;
				CLANG_WARN__DUPLICATE_METHOD_MATCH = YES;
				COPY_PHASE_STRIP = NO;
				DEBUG_INFORMATION_FORMAT = "dwarf-with-dsym";
				ENABLE_NS_ASSERTIONS = NO;
				ENABLE_STRICT_OBJC_MSGSEND = YES;
				GCC_C_LANGUAGE_STANDARD = gnu11;
				GCC_NO_COMMON_BLOCKS = YES;
				GCC_WARN_64_TO_32_BIT_CONVERSION = YES;
				GCC_WARN_ABOUT_RETURN_TYPE = YES_ERROR;
				GCC_WARN_UNDECLARED_SELECTOR = YES;
				GCC_WARN_UNINITIALIZED_AUTOS = YES_AGGRESSIVE;
				GCC_WARN_UNUSED_FUNCTION = YES;
				GCC_WARN_UNUSED_VARIABLE = YES;
				IPHONEOS_DEPLOYMENT_TARGET = 14.5;
				MTL_ENABLE_DEBUG_INFO = NO;
				MTL_FAST_MATH = YES;
				SDKROOT = iphoneos;
				SWIFT_COMPILATION_MODE = wholemodule;
				SWIFT_OPTIMIZATION_LEVEL = "-O";
				VALIDATE_PRODUCT = YES;
			};
			name = Release;
		};
		30BEE5C426E5AAA5000984F2 /* Debug */ = {
			isa = XCBuildConfiguration;
			baseConfigurationReference = 1F450CF7F47D3107A54D86AA /* Pods-Progress-Loading-Demo.debug.xcconfig */;
			buildSettings = {
				ASSETCATALOG_COMPILER_APPICON_NAME = AppIcon;
				ASSETCATALOG_COMPILER_GLOBAL_ACCENT_COLOR_NAME = AccentColor;
				CODE_SIGN_STYLE = Automatic;
				DEVELOPMENT_TEAM = T8X8L4U33S;
				INFOPLIST_FILE = "Progress-Loading-Demo/Info.plist";
				LD_RUNPATH_SEARCH_PATHS = (
					"$(inherited)",
					"@executable_path/Frameworks",
				);
				PRODUCT_BUNDLE_IDENTIFIER = "com.pinguo.Test.Progress-Loading-Demo";
				PRODUCT_NAME = "$(TARGET_NAME)";
				SWIFT_VERSION = 5.0;
				TARGETED_DEVICE_FAMILY = "1,2";
			};
			name = Debug;
		};
		30BEE5C526E5AAA5000984F2 /* Release */ = {
			isa = XCBuildConfiguration;
			baseConfigurationReference = 6D639B85C38C2A1D24E4E9B2 /* Pods-Progress-Loading-Demo.release.xcconfig */;
			buildSettings = {
				ASSETCATALOG_COMPILER_APPICON_NAME = AppIcon;
				ASSETCATALOG_COMPILER_GLOBAL_ACCENT_COLOR_NAME = AccentColor;
				CODE_SIGN_STYLE = Automatic;
				DEVELOPMENT_TEAM = T8X8L4U33S;
				INFOPLIST_FILE = "Progress-Loading-Demo/Info.plist";
				LD_RUNPATH_SEARCH_PATHS = (
					"$(inherited)",
					"@executable_path/Frameworks",
				);
				PRODUCT_BUNDLE_IDENTIFIER = "com.pinguo.Test.Progress-Loading-Demo";
				PRODUCT_NAME = "$(TARGET_NAME)";
				SWIFT_VERSION = 5.0;
				TARGETED_DEVICE_FAMILY = "1,2";
			};
			name = Release;
		};
/* End XCBuildConfiguration section */

/* Begin XCConfigurationList section */
		30BEE5AA26E5AAA3000984F2 /* Build configuration list for PBXProject "Progress-Loading-Demo" */ = {
			isa = XCConfigurationList;
			buildConfigurations = (
				30BEE5C126E5AAA5000984F2 /* Debug */,
				30BEE5C226E5AAA5000984F2 /* Release */,
			);
			defaultConfigurationIsVisible = 0;
			defaultConfigurationName = Release;
		};
		30BEE5C326E5AAA5000984F2 /* Build configuration list for PBXNativeTarget "Progress-Loading-Demo" */ = {
			isa = XCConfigurationList;
			buildConfigurations = (
				30BEE5C426E5AAA5000984F2 /* Debug */,
				30BEE5C526E5AAA5000984F2 /* Release */,
			);
			defaultConfigurationIsVisible = 0;
			defaultConfigurationName = Release;
		};
/* End XCConfigurationList section */
	};
	rootObject = 30BEE5A726E5AAA3000984F2 /* Project object */;
}
