// !$*UTF8*$!
{
	archiveVersion = 1;
	classes = {
	};
	objectVersion = 55;
	objects = {

/* Begin PBXBuildFile section */
		30A6708D299B580700285EA9 /* AppDelegate.swift in Sources */ = {isa = PBXBuildFile; fileRef = 30A6708C299B580700285EA9 /* AppDelegate.swift */; };
		30A67091299B580700285EA9 /* ViewController.swift in Sources */ = {isa = PBXBuildFile; fileRef = 30A67090299B580700285EA9 /* ViewController.swift */; };
		30A67099299B580900285EA9 /* Assets.xcassets in Resources */ = {isa = PBXBuildFile; fileRef = 30A67098299B580900285EA9 /* Assets.xcassets */; };
		30A6709C299B580900285EA9 /* LaunchScreen.storyboard in Resources */ = {isa = PBXBuildFile; fileRef = 30A6709A299B580900285EA9 /* LaunchScreen.storyboard */; };
		30A670A4299B589900285EA9 /* UIColor+Extension.swift in Sources */ = {isa = PBXBuildFile; fileRef = 30A670A3299B589900285EA9 /* UIColor+Extension.swift */; };
		30A670A8299B58AE00285EA9 /* MSMultiEffectToggleCell.swift in Sources */ = {isa = PBXBuildFile; fileRef = 30A670A6299B58AE00285EA9 /* MSMultiEffectToggleCell.swift */; };
		30A670A9299B58AE00285EA9 /* MSMultiEffectToggleView.swift in Sources */ = {isa = PBXBuildFile; fileRef = 30A670A7299B58AE00285EA9 /* MSMultiEffectToggleView.swift */; };
		7B03BD879DA29E4C1351F7B5 /* Pods_ToggleView_Demo.framework in Frameworks */ = {isa = PBXBuildFile; fileRef = BCD7E9EA3AF16A40D0B2C5A6 /* Pods_ToggleView_Demo.framework */; };
/* End PBXBuildFile section */

/* Begin PBXFileReference section */
		30A67089299B580700285EA9 /* ToggleView-Demo.app */ = {isa = PBXFileReference; explicitFileType = wrapper.application; includeInIndex = 0; path = "ToggleView-Demo.app"; sourceTree = BUILT_PRODUCTS_DIR; };
		30A6708C299B580700285EA9 /* AppDelegate.swift */ = {isa = PBXFileReference; lastKnownFileType = sourcecode.swift; path = AppDelegate.swift; sourceTree = "<group>"; };
		30A67090299B580700285EA9 /* ViewController.swift */ = {isa = PBXFileReference; lastKnownFileType = sourcecode.swift; path = ViewController.swift; sourceTree = "<group>"; };
		30A67098299B580900285EA9 /* Assets.xcassets */ = {isa = PBXFileReference; lastKnownFileType = folder.assetcatalog; path = Assets.xcassets; sourceTree = "<group>"; };
		30A6709B299B580900285EA9 /* Base */ = {isa = PBXFileReference; lastKnownFileType = file.storyboard; name = Base; path = Base.lproj/LaunchScreen.storyboard; sourceTree = "<group>"; };
		30A6709D299B580900285EA9 /* Info.plist */ = {isa = PBXFileReference; lastKnownFileType = text.plist.xml; path = Info.plist; sourceTree = "<group>"; };
		30A670A3299B589900285EA9 /* UIColor+Extension.swift */ = {isa = PBXFileReference; fileEncoding = 4; lastKnownFileType = sourcecode.swift; path = "UIColor+Extension.swift"; sourceTree = "<group>"; };
		30A670A6299B58AE00285EA9 /* MSMultiEffectToggleCell.swift */ = {isa = PBXFileReference; fileEncoding = 4; lastKnownFileType = sourcecode.swift; path = MSMultiEffectToggleCell.swift; sourceTree = "<group>"; };
		30A670A7299B58AE00285EA9 /* MSMultiEffectToggleView.swift */ = {isa = PBXFileReference; fileEncoding = 4; lastKnownFileType = sourcecode.swift; path = MSMultiEffectToggleView.swift; sourceTree = "<group>"; };
		59E350E3BB593A3CE2051243 /* Pods-ToggleView-Demo.release.xcconfig */ = {isa = PBXFileReference; includeInIndex = 1; lastKnownFileType = text.xcconfig; name = "Pods-ToggleView-Demo.release.xcconfig"; path = "Target Support Files/Pods-ToggleView-Demo/Pods-ToggleView-Demo.release.xcconfig"; sourceTree = "<group>"; };
		5E6F7A174450659173865ECC /* Pods-ToggleView-Demo.debug.xcconfig */ = {isa = PBXFileReference; includeInIndex = 1; lastKnownFileType = text.xcconfig; name = "Pods-ToggleView-Demo.debug.xcconfig"; path = "Target Support Files/Pods-ToggleView-Demo/Pods-ToggleView-Demo.debug.xcconfig"; sourceTree = "<group>"; };
		BCD7E9EA3AF16A40D0B2C5A6 /* Pods_ToggleView_Demo.framework */ = {isa = PBXFileReference; explicitFileType = wrapper.framework; includeInIndex = 0; path = Pods_ToggleView_Demo.framework; sourceTree = BUILT_PRODUCTS_DIR; };
/* End PBXFileReference section */

/* Begin PBXFrameworksBuildPhase section */
		30A67086299B580700285EA9 /* Frameworks */ = {
			isa = PBXFrameworksBuildPhase;
			buildActionMask = 2147483647;
			files = (
				7B03BD879DA29E4C1351F7B5 /* Pods_ToggleView_Demo.framework in Frameworks */,
			);
			runOnlyForDeploymentPostprocessing = 0;
		};
/* End PBXFrameworksBuildPhase section */

/* Begin PBXGroup section */
		30A67080299B580700285EA9 = {
			isa = PBXGroup;
			children = (
				30A6708B299B580700285EA9 /* ToggleView-Demo */,
				30A6708A299B580700285EA9 /* Products */,
				B8C8C5ACC162CF4DCEF55047 /* Pods */,
				4C186E21BD610B6B1CAD29D7 /* Frameworks */,
			);
			sourceTree = "<group>";
		};
		30A6708A299B580700285EA9 /* Products */ = {
			isa = PBXGroup;
			children = (
				30A67089299B580700285EA9 /* ToggleView-Demo.app */,
			);
			name = Products;
			sourceTree = "<group>";
		};
		30A6708B299B580700285EA9 /* ToggleView-Demo */ = {
			isa = PBXGroup;
			children = (
				30A6708C299B580700285EA9 /* AppDelegate.swift */,
				30A670A3299B589900285EA9 /* UIColor+Extension.swift */,
				30A67090299B580700285EA9 /* ViewController.swift */,
				30A670A5299B58AE00285EA9 /* MultiEffectUnit */,
				30A67098299B580900285EA9 /* Assets.xcassets */,
				30A6709A299B580900285EA9 /* LaunchScreen.storyboard */,
				30A6709D299B580900285EA9 /* Info.plist */,
			);
			path = "ToggleView-Demo";
			sourceTree = "<group>";
		};
		30A670A5299B58AE00285EA9 /* MultiEffectUnit */ = {
			isa = PBXGroup;
			children = (
				30A670A6299B58AE00285EA9 /* MSMultiEffectToggleCell.swift */,
				30A670A7299B58AE00285EA9 /* MSMultiEffectToggleView.swift */,
			);
			path = MultiEffectUnit;
			sourceTree = "<group>";
		};
		4C186E21BD610B6B1CAD29D7 /* Frameworks */ = {
			isa = PBXGroup;
			children = (
				BCD7E9EA3AF16A40D0B2C5A6 /* Pods_ToggleView_Demo.framework */,
			);
			name = Frameworks;
			sourceTree = "<group>";
		};
		B8C8C5ACC162CF4DCEF55047 /* Pods */ = {
			isa = PBXGroup;
			children = (
				5E6F7A174450659173865ECC /* Pods-ToggleView-Demo.debug.xcconfig */,
				59E350E3BB593A3CE2051243 /* Pods-ToggleView-Demo.release.xcconfig */,
			);
			path = Pods;
			sourceTree = "<group>";
		};
/* End PBXGroup section */

/* Begin PBXNativeTarget section */
		30A67088299B580700285EA9 /* ToggleView-Demo */ = {
			isa = PBXNativeTarget;
			buildConfigurationList = 30A670A0299B580900285EA9 /* Build configuration list for PBXNativeTarget "ToggleView-Demo" */;
			buildPhases = (
				D0DBDFC53E8E49D5C2B62F13 /* [CP] Check Pods Manifest.lock */,
				30A67085299B580700285EA9 /* Sources */,
				30A67086299B580700285EA9 /* Frameworks */,
				30A67087299B580700285EA9 /* Resources */,
				B04C5626E651FDE2A18D818D /* [CP] Embed Pods Frameworks */,
			);
			buildRules = (
			);
			dependencies = (
			);
			name = "ToggleView-Demo";
			productName = "ToggleView-Demo";
			productReference = 30A67089299B580700285EA9 /* ToggleView-Demo.app */;
			productType = "com.apple.product-type.application";
		};
/* End PBXNativeTarget section */

/* Begin PBXProject section */
		30A67081299B580700285EA9 /* Project object */ = {
			isa = PBXProject;
			attributes = {
				BuildIndependentTargetsInParallel = 1;
				LastSwiftUpdateCheck = 1420;
				LastUpgradeCheck = 1420;
				TargetAttributes = {
					30A67088299B580700285EA9 = {
						CreatedOnToolsVersion = 14.2;
					};
				};
			};
			buildConfigurationList = 30A67084299B580700285EA9 /* Build configuration list for PBXProject "ToggleView-Demo" */;
			compatibilityVersion = "Xcode 13.0";
			developmentRegion = en;
			hasScannedForEncodings = 0;
			knownRegions = (
				en,
				Base,
			);
			mainGroup = 30A67080299B580700285EA9;
			productRefGroup = 30A6708A299B580700285EA9 /* Products */;
			projectDirPath = "";
			projectRoot = "";
			targets = (
				30A67088299B580700285EA9 /* ToggleView-Demo */,
			);
		};
/* End PBXProject section */

/* Begin PBXResourcesBuildPhase section */
		30A67087299B580700285EA9 /* Resources */ = {
			isa = PBXResourcesBuildPhase;
			buildActionMask = 2147483647;
			files = (
				30A6709C299B580900285EA9 /* LaunchScreen.storyboard in Resources */,
				30A67099299B580900285EA9 /* Assets.xcassets in Resources */,
			);
			runOnlyForDeploymentPostprocessing = 0;
		};
/* End PBXResourcesBuildPhase section */

/* Begin PBXShellScriptBuildPhase section */
		B04C5626E651FDE2A18D818D /* [CP] Embed Pods Frameworks */ = {
			isa = PBXShellScriptBuildPhase;
			buildActionMask = 2147483647;
			files = (
			);
			inputFileListPaths = (
				"${PODS_ROOT}/Target Support Files/Pods-ToggleView-Demo/Pods-ToggleView-Demo-frameworks-${CONFIGURATION}-input-files.xcfilelist",
			);
			name = "[CP] Embed Pods Frameworks";
			outputFileListPaths = (
				"${PODS_ROOT}/Target Support Files/Pods-ToggleView-Demo/Pods-ToggleView-Demo-frameworks-${CONFIGURATION}-output-files.xcfilelist",
			);
			runOnlyForDeploymentPostprocessing = 0;
			shellPath = /bin/sh;
			shellScript = "\"${PODS_ROOT}/Target Support Files/Pods-ToggleView-Demo/Pods-ToggleView-Demo-frameworks.sh\"\n";
			showEnvVarsInLog = 0;
		};
		D0DBDFC53E8E49D5C2B62F13 /* [CP] Check Pods Manifest.lock */ = {
			isa = PBXShellScriptBuildPhase;
			buildActionMask = 2147483647;
			files = (
			);
			inputFileListPaths = (
			);
			inputPaths = (
				"${PODS_PODFILE_DIR_PATH}/Podfile.lock",
				"${PODS_ROOT}/Manifest.lock",
			);
			name = "[CP] Check Pods Manifest.lock";
			outputFileListPaths = (
			);
			outputPaths = (
				"$(DERIVED_FILE_DIR)/Pods-ToggleView-Demo-checkManifestLockResult.txt",
			);
			runOnlyForDeploymentPostprocessing = 0;
			shellPath = /bin/sh;
			shellScript = "diff \"${PODS_PODFILE_DIR_PATH}/Podfile.lock\" \"${PODS_ROOT}/Manifest.lock\" > /dev/null\nif [ $? != 0 ] ; then\n    # print error to STDERR\n    echo \"error: The sandbox is not in sync with the Podfile.lock. Run 'pod install' or update your CocoaPods installation.\" >&2\n    exit 1\nfi\n# This output is used by Xcode 'outputs' to avoid re-running this script phase.\necho \"SUCCESS\" > \"${SCRIPT_OUTPUT_FILE_0}\"\n";
			showEnvVarsInLog = 0;
		};
/* End PBXShellScriptBuildPhase section */

/* Begin PBXSourcesBuildPhase section */
		30A67085299B580700285EA9 /* Sources */ = {
			isa = PBXSourcesBuildPhase;
			buildActionMask = 2147483647;
			files = (
				30A670A8299B58AE00285EA9 /* MSMultiEffectToggleCell.swift in Sources */,
				30A670A4299B589900285EA9 /* UIColor+Extension.swift in Sources */,
				30A67091299B580700285EA9 /* ViewController.swift in Sources */,
				30A6708D299B580700285EA9 /* AppDelegate.swift in Sources */,
				30A670A9299B58AE00285EA9 /* MSMultiEffectToggleView.swift in Sources */,
			);
			runOnlyForDeploymentPostprocessing = 0;
		};
/* End PBXSourcesBuildPhase section */

/* Begin PBXVariantGroup section */
		30A6709A299B580900285EA9 /* LaunchScreen.storyboard */ = {
			isa = PBXVariantGroup;
			children = (
				30A6709B299B580900285EA9 /* Base */,
			);
			name = LaunchScreen.storyboard;
			sourceTree = "<group>";
		};
/* End PBXVariantGroup section */

/* Begin XCBuildConfiguration section */
		30A6709E299B580900285EA9 /* Debug */ = {
			isa = XCBuildConfiguration;
			buildSettings = {
				ALWAYS_SEARCH_USER_PATHS = NO;
				CLANG_ANALYZER_NONNULL = YES;
				CLANG_ANALYZER_NUMBER_OBJECT_CONVERSION = YES_AGGRESSIVE;
				CLANG_CXX_LANGUAGE_STANDARD = "gnu++20";
				CLANG_ENABLE_MODULES = YES;
				CLANG_ENABLE_OBJC_ARC = YES;
				CLANG_ENABLE_OBJC_WEAK = YES;
				CLANG_WARN_BLOCK_CAPTURE_AUTORELEASING = YES;
				CLANG_WARN_BOOL_CONVERSION = YES;
				CLANG_WARN_COMMA = YES;
				CLANG_WARN_CONSTANT_CONVERSION = YES;
				CLANG_WARN_DEPRECATED_OBJC_IMPLEMENTATIONS = YES;
				CLANG_WARN_DIRECT_OBJC_ISA_USAGE = YES_ERROR;
				CLANG_WARN_DOCUMENTATION_COMMENTS = YES;
				CLANG_WARN_EMPTY_BODY = YES;
				CLANG_WARN_ENUM_CONVERSION = YES;
				CLANG_WARN_INFINITE_RECURSION = YES;
				CLANG_WARN_INT_CONVERSION = YES;
				CLANG_WARN_NON_LITERAL_NULL_CONVERSION = YES;
				CLANG_WARN_OBJC_IMPLICIT_RETAIN_SELF = YES;
				CLANG_WARN_OBJC_LITERAL_CONVERSION = YES;
				CLANG_WARN_OBJC_ROOT_CLASS = YES_ERROR;
				CLANG_WARN_QUOTED_INCLUDE_IN_FRAMEWORK_HEADER = YES;
				CLANG_WARN_RANGE_LOOP_ANALYSIS = YES;
				CLANG_WARN_STRICT_PROTOTYPES = YES;
				CLANG_WARN_SUSPICIOUS_MOVE = YES;
				CLANG_WARN_UNGUARDED_AVAILABILITY = YES_AGGRESSIVE;
				CLANG_WARN_UNREACHABLE_CODE = YES;
				CLANG_WARN__DUPLICATE_METHOD_MATCH = YES;
				COPY_PHASE_STRIP = NO;
				DEBUG_INFORMATION_FORMAT = dwarf;
				ENABLE_STRICT_OBJC_MSGSEND = YES;
				ENABLE_TESTABILITY = YES;
				GCC_C_LANGUAGE_STANDARD = gnu11;
				GCC_DYNAMIC_NO_PIC = NO;
				GCC_NO_COMMON_BLOCKS = YES;
				GCC_OPTIMIZATION_LEVEL = 0;
				GCC_PREPROCESSOR_DEFINITIONS = (
					"DEBUG=1",
					"$(inherited)",
				);
				GCC_WARN_64_TO_32_BIT_CONVERSION = YES;
				GCC_WARN_ABOUT_RETURN_TYPE = YES_ERROR;
				GCC_WARN_UNDECLARED_SELECTOR = YES;
				GCC_WARN_UNINITIALIZED_AUTOS = YES_AGGRESSIVE;
				GCC_WARN_UNUSED_FUNCTION = YES;
				GCC_WARN_UNUSED_VARIABLE = YES;
				IPHONEOS_DEPLOYMENT_TARGET = 16.2;
				MTL_ENABLE_DEBUG_INFO = INCLUDE_SOURCE;
				MTL_FAST_MATH = YES;
				ONLY_ACTIVE_ARCH = YES;
				SDKROOT = iphoneos;
				SWIFT_ACTIVE_COMPILATION_CONDITIONS = DEBUG;
				SWIFT_OPTIMIZATION_LEVEL = "-Onone";
			};
			name = Debug;
		};
		30A6709F299B580900285EA9 /* Release */ = {
			isa = XCBuildConfiguration;
			buildSettings = {
				ALWAYS_SEARCH_USER_PATHS = NO;
				CLANG_ANALYZER_NONNULL = YES;
				CLANG_ANALYZER_NUMBER_OBJECT_CONVERSION = YES_AGGRESSIVE;
				CLANG_CXX_LANGUAGE_STANDARD = "gnu++20";
				CLANG_ENABLE_MODULES = YES;
				CLANG_ENABLE_OBJC_ARC = YES;
				CLANG_ENABLE_OBJC_WEAK = YES;
				CLANG_WARN_BLOCK_CAPTURE_AUTORELEASING = YES;
				CLANG_WARN_BOOL_CONVERSION = YES;
				CLANG_WARN_COMMA = YES;
				CLANG_WARN_CONSTANT_CONVERSION = YES;
				CLANG_WARN_DEPRECATED_OBJC_IMPLEMENTATIONS = YES;
				CLANG_WARN_DIRECT_OBJC_ISA_USAGE = YES_ERROR;
				CLANG_WARN_DOCUMENTATION_COMMENTS = YES;
				CLANG_WARN_EMPTY_BODY = YES;
				CLANG_WARN_ENUM_CONVERSION = YES;
				CLANG_WARN_INFINITE_RECURSION = YES;
				CLANG_WARN_INT_CONVERSION = YES;
				CLANG_WARN_NON_LITERAL_NULL_CONVERSION = YES;
				CLANG_WARN_OBJC_IMPLICIT_RETAIN_SELF = YES;
				CLANG_WARN_OBJC_LITERAL_CONVERSION = YES;
				CLANG_WARN_OBJC_ROOT_CLASS = YES_ERROR;
				CLANG_WARN_QUOTED_INCLUDE_IN_FRAMEWORK_HEADER = YES;
				CLANG_WARN_RANGE_LOOP_ANALYSIS = YES;
				CLANG_WARN_STRICT_PROTOTYPES = YES;
				CLANG_WARN_SUSPICIOUS_MOVE = YES;
				CLANG_WARN_UNGUARDED_AVAILABILITY = YES_AGGRESSIVE;
				CLANG_WARN_UNREACHABLE_CODE = YES;
				CLANG_WARN__DUPLICATE_METHOD_MATCH = YES;
				COPY_PHASE_STRIP = NO;
				DEBUG_INFORMATION_FORMAT = "dwarf-with-dsym";
				ENABLE_NS_ASSERTIONS = NO;
				ENABLE_STRICT_OBJC_MSGSEND = YES;
				GCC_C_LANGUAGE_STANDARD = gnu11;
				GCC_NO_COMMON_BLOCKS = YES;
				GCC_WARN_64_TO_32_BIT_CONVERSION = YES;
				GCC_WARN_ABOUT_RETURN_TYPE = YES_ERROR;
				GCC_WARN_UNDECLARED_SELECTOR = YES;
				GCC_WARN_UNINITIALIZED_AUTOS = YES_AGGRESSIVE;
				GCC_WARN_UNUSED_FUNCTION = YES;
				GCC_WARN_UNUSED_VARIABLE = YES;
				IPHONEOS_DEPLOYMENT_TARGET = 16.2;
				MTL_ENABLE_DEBUG_INFO = NO;
				MTL_FAST_MATH = YES;
				SDKROOT = iphoneos;
				SWIFT_COMPILATION_MODE = wholemodule;
				SWIFT_OPTIMIZATION_LEVEL = "-O";
				VALIDATE_PRODUCT = YES;
			};
			name = Release;
		};
		30A670A1299B580900285EA9 /* Debug */ = {
			isa = XCBuildConfiguration;
			baseConfigurationReference = 5E6F7A174450659173865ECC /* Pods-ToggleView-Demo.debug.xcconfig */;
			buildSettings = {
				ASSETCATALOG_COMPILER_APPICON_NAME = AppIcon;
				ASSETCATALOG_COMPILER_GLOBAL_ACCENT_COLOR_NAME = AccentColor;
				CODE_SIGN_STYLE = Automatic;
				CURRENT_PROJECT_VERSION = 1;
				DEVELOPMENT_TEAM = T8X8L4U33S;
				GENERATE_INFOPLIST_FILE = YES;
				INFOPLIST_FILE = "ToggleView-Demo/Info.plist";
				INFOPLIST_KEY_UIApplicationSupportsIndirectInputEvents = YES;
				INFOPLIST_KEY_UILaunchStoryboardName = LaunchScreen;
				INFOPLIST_KEY_UISupportedInterfaceOrientations_iPad = "UIInterfaceOrientationPortrait UIInterfaceOrientationPortraitUpsideDown UIInterfaceOrientationLandscapeLeft UIInterfaceOrientationLandscapeRight";
				INFOPLIST_KEY_UISupportedInterfaceOrientations_iPhone = "UIInterfaceOrientationPortrait UIInterfaceOrientationLandscapeLeft UIInterfaceOrientationLandscapeRight";
				IPHONEOS_DEPLOYMENT_TARGET = 13.0;
				LD_RUNPATH_SEARCH_PATHS = (
					"$(inherited)",
					"@executable_path/Frameworks",
				);
				MARKETING_VERSION = 1.0;
				PRODUCT_BUNDLE_IDENTIFIER = "com.pinguo.Test.ToggleView-Demo";
				PRODUCT_NAME = "$(TARGET_NAME)";
				SUPPORTED_PLATFORMS = "iphoneos iphonesimulator";
				SUPPORTS_MACCATALYST = NO;
				SUPPORTS_MAC_DESIGNED_FOR_IPHONE_IPAD = NO;
				SWIFT_EMIT_LOC_STRINGS = YES;
				SWIFT_VERSION = 5.0;
				TARGETED_DEVICE_FAMILY = 1;
			};
			name = Debug;
		};
		30A670A2299B580900285EA9 /* Release */ = {
			isa = XCBuildConfiguration;
			baseConfigurationReference = 59E350E3BB593A3CE2051243 /* Pods-ToggleView-Demo.release.xcconfig */;
			buildSettings = {
				ASSETCATALOG_COMPILER_APPICON_NAME = AppIcon;
				ASSETCATALOG_COMPILER_GLOBAL_ACCENT_COLOR_NAME = AccentColor;
				CODE_SIGN_STYLE = Automatic;
				CURRENT_PROJECT_VERSION = 1;
				DEVELOPMENT_TEAM = T8X8L4U33S;
				GENERATE_INFOPLIST_FILE = YES;
				INFOPLIST_FILE = "ToggleView-Demo/Info.plist";
				INFOPLIST_KEY_UIApplicationSupportsIndirectInputEvents = YES;
				INFOPLIST_KEY_UILaunchStoryboardName = LaunchScreen;
				INFOPLIST_KEY_UISupportedInterfaceOrientations_iPad = "UIInterfaceOrientationPortrait UIInterfaceOrientationPortraitUpsideDown UIInterfaceOrientationLandscapeLeft UIInterfaceOrientationLandscapeRight";
				INFOPLIST_KEY_UISupportedInterfaceOrientations_iPhone = "UIInterfaceOrientationPortrait UIInterfaceOrientationLandscapeLeft UIInterfaceOrientationLandscapeRight";
				IPHONEOS_DEPLOYMENT_TARGET = 13.0;
				LD_RUNPATH_SEARCH_PATHS = (
					"$(inherited)",
					"@executable_path/Frameworks",
				);
				MARKETING_VERSION = 1.0;
				PRODUCT_BUNDLE_IDENTIFIER = "com.pinguo.Test.ToggleView-Demo";
				PRODUCT_NAME = "$(TARGET_NAME)";
				SUPPORTED_PLATFORMS = "iphoneos iphonesimulator";
				SUPPORTS_MACCATALYST = NO;
				SUPPORTS_MAC_DESIGNED_FOR_IPHONE_IPAD = NO;
				SWIFT_EMIT_LOC_STRINGS = YES;
				SWIFT_VERSION = 5.0;
				TARGETED_DEVICE_FAMILY = 1;
			};
			name = Release;
		};
/* End XCBuildConfiguration section */

/* Begin XCConfigurationList section */
		30A67084299B580700285EA9 /* Build configuration list for PBXProject "ToggleView-Demo" */ = {
			isa = XCConfigurationList;
			buildConfigurations = (
				30A6709E299B580900285EA9 /* Debug */,
				30A6709F299B580900285EA9 /* Release */,
			);
			defaultConfigurationIsVisible = 0;
			defaultConfigurationName = Release;
		};
		30A670A0299B580900285EA9 /* Build configuration list for PBXNativeTarget "ToggleView-Demo" */ = {
			isa = XCConfigurationList;
			buildConfigurations = (
				30A670A1299B580900285EA9 /* Debug */,
				30A670A2299B580900285EA9 /* Release */,
			);
			defaultConfigurationIsVisible = 0;
			defaultConfigurationName = Release;
		};
/* End XCConfigurationList section */
	};
	rootObject = 30A67081299B580700285EA9 /* Project object */;
}
