// !$*UTF8*$!
{
	archiveVersion = 1;
	classes = {
	};
	objectVersion = 55;
	objects = {

/* Begin PBXBuildFile section */
		30A3D4C62AC3FE6A0083CC33 /* PanelLoadAnimateView.swift in Sources */ = {isa = PBXBuildFile; fileRef = 30A3D4C52AC3FE6A0083CC33 /* PanelLoadAnimateView.swift */; };
		30A3D4C82AC431B90083CC33 /* PanelLoadAnimateCell.swift in Sources */ = {isa = PBXBuildFile; fileRef = 30A3D4C72AC431B90083CC33 /* PanelLoadAnimateCell.swift */; };
		30EC98112AB7F24E000C9612 /* AppDelegate.swift in Sources */ = {isa = PBXBuildFile; fileRef = 30EC98102AB7F24E000C9612 /* AppDelegate.swift */; };
		30EC98152AB7F24E000C9612 /* ViewController.swift in Sources */ = {isa = PBXBuildFile; fileRef = 30EC98142AB7F24E000C9612 /* ViewController.swift */; };
		30EC981A2AB7F251000C9612 /* Assets.xcassets in Resources */ = {isa = PBXBuildFile; fileRef = 30EC98192AB7F251000C9612 /* Assets.xcassets */; };
		30EC981D2AB7F251000C9612 /* LaunchScreen.storyboard in Resources */ = {isa = PBXBuildFile; fileRef = 30EC981B2AB7F251000C9612 /* LaunchScreen.storyboard */; };
		38B7E07EDFC189744A50BFA6 /* Pods_Flicker_Demo.framework in Frameworks */ = {isa = PBXBuildFile; fileRef = 7372BDFEC3C378582CC03EFE /* Pods_Flicker_Demo.framework */; };
/* End PBXBuildFile section */

/* Begin PBXFileReference section */
		30A3D4C52AC3FE6A0083CC33 /* PanelLoadAnimateView.swift */ = {isa = PBXFileReference; lastKnownFileType = sourcecode.swift; path = PanelLoadAnimateView.swift; sourceTree = "<group>"; };
		30A3D4C72AC431B90083CC33 /* PanelLoadAnimateCell.swift */ = {isa = PBXFileReference; lastKnownFileType = sourcecode.swift; path = PanelLoadAnimateCell.swift; sourceTree = "<group>"; };
		30EC980D2AB7F24E000C9612 /* Flicker-Demo.app */ = {isa = PBXFileReference; explicitFileType = wrapper.application; includeInIndex = 0; path = "Flicker-Demo.app"; sourceTree = BUILT_PRODUCTS_DIR; };
		30EC98102AB7F24E000C9612 /* AppDelegate.swift */ = {isa = PBXFileReference; lastKnownFileType = sourcecode.swift; path = AppDelegate.swift; sourceTree = "<group>"; };
		30EC98142AB7F24E000C9612 /* ViewController.swift */ = {isa = PBXFileReference; lastKnownFileType = sourcecode.swift; path = ViewController.swift; sourceTree = "<group>"; };
		30EC98192AB7F251000C9612 /* Assets.xcassets */ = {isa = PBXFileReference; lastKnownFileType = folder.assetcatalog; path = Assets.xcassets; sourceTree = "<group>"; };
		30EC981C2AB7F251000C9612 /* Base */ = {isa = PBXFileReference; lastKnownFileType = file.storyboard; name = Base; path = Base.lproj/LaunchScreen.storyboard; sourceTree = "<group>"; };
		30EC981E2AB7F251000C9612 /* Info.plist */ = {isa = PBXFileReference; lastKnownFileType = text.plist.xml; path = Info.plist; sourceTree = "<group>"; };
		6870E00FC97E5A9FA694E0D7 /* Pods-Flicker-Demo.debug.xcconfig */ = {isa = PBXFileReference; includeInIndex = 1; lastKnownFileType = text.xcconfig; name = "Pods-Flicker-Demo.debug.xcconfig"; path = "Target Support Files/Pods-Flicker-Demo/Pods-Flicker-Demo.debug.xcconfig"; sourceTree = "<group>"; };
		7372BDFEC3C378582CC03EFE /* Pods_Flicker_Demo.framework */ = {isa = PBXFileReference; explicitFileType = wrapper.framework; includeInIndex = 0; path = Pods_Flicker_Demo.framework; sourceTree = BUILT_PRODUCTS_DIR; };
		FB420D0CC8A785971472CB73 /* Pods-Flicker-Demo.release.xcconfig */ = {isa = PBXFileReference; includeInIndex = 1; lastKnownFileType = text.xcconfig; name = "Pods-Flicker-Demo.release.xcconfig"; path = "Target Support Files/Pods-Flicker-Demo/Pods-Flicker-Demo.release.xcconfig"; sourceTree = "<group>"; };
/* End PBXFileReference section */

/* Begin PBXFrameworksBuildPhase section */
		30EC980A2AB7F24E000C9612 /* Frameworks */ = {
			isa = PBXFrameworksBuildPhase;
			buildActionMask = 2147483647;
			files = (
				38B7E07EDFC189744A50BFA6 /* Pods_Flicker_Demo.framework in Frameworks */,
			);
			runOnlyForDeploymentPostprocessing = 0;
		};
/* End PBXFrameworksBuildPhase section */

/* Begin PBXGroup section */
		30EC98042AB7F24E000C9612 = {
			isa = PBXGroup;
			children = (
				30EC980F2AB7F24E000C9612 /* Flicker-Demo */,
				30EC980E2AB7F24E000C9612 /* Products */,
				8B1AC9E0AA4FF56732B7C490 /* Pods */,
				9F66B68F89DB247B154556BC /* Frameworks */,
			);
			sourceTree = "<group>";
		};
		30EC980E2AB7F24E000C9612 /* Products */ = {
			isa = PBXGroup;
			children = (
				30EC980D2AB7F24E000C9612 /* Flicker-Demo.app */,
			);
			name = Products;
			sourceTree = "<group>";
		};
		30EC980F2AB7F24E000C9612 /* Flicker-Demo */ = {
			isa = PBXGroup;
			children = (
				30EC98102AB7F24E000C9612 /* AppDelegate.swift */,
				30EC98142AB7F24E000C9612 /* ViewController.swift */,
				30A3D4C52AC3FE6A0083CC33 /* PanelLoadAnimateView.swift */,
				30A3D4C72AC431B90083CC33 /* PanelLoadAnimateCell.swift */,
				30EC98192AB7F251000C9612 /* Assets.xcassets */,
				30EC981B2AB7F251000C9612 /* LaunchScreen.storyboard */,
				30EC981E2AB7F251000C9612 /* Info.plist */,
			);
			path = "Flicker-Demo";
			sourceTree = "<group>";
		};
		8B1AC9E0AA4FF56732B7C490 /* Pods */ = {
			isa = PBXGroup;
			children = (
				6870E00FC97E5A9FA694E0D7 /* Pods-Flicker-Demo.debug.xcconfig */,
				FB420D0CC8A785971472CB73 /* Pods-Flicker-Demo.release.xcconfig */,
			);
			path = Pods;
			sourceTree = "<group>";
		};
		9F66B68F89DB247B154556BC /* Frameworks */ = {
			isa = PBXGroup;
			children = (
				7372BDFEC3C378582CC03EFE /* Pods_Flicker_Demo.framework */,
			);
			name = Frameworks;
			sourceTree = "<group>";
		};
/* End PBXGroup section */

/* Begin PBXNativeTarget section */
		30EC980C2AB7F24E000C9612 /* Flicker-Demo */ = {
			isa = PBXNativeTarget;
			buildConfigurationList = 30EC98212AB7F251000C9612 /* Build configuration list for PBXNativeTarget "Flicker-Demo" */;
			buildPhases = (
				D27B9D420AC51FEE8B30D3E5 /* [CP] Check Pods Manifest.lock */,
				30EC98092AB7F24E000C9612 /* Sources */,
				30EC980A2AB7F24E000C9612 /* Frameworks */,
				30EC980B2AB7F24E000C9612 /* Resources */,
				9A74684A75DBBD37244B6FC4 /* [CP] Embed Pods Frameworks */,
			);
			buildRules = (
			);
			dependencies = (
			);
			name = "Flicker-Demo";
			productName = "Flicker-Demo";
			productReference = 30EC980D2AB7F24E000C9612 /* Flicker-Demo.app */;
			productType = "com.apple.product-type.application";
		};
/* End PBXNativeTarget section */

/* Begin PBXProject section */
		30EC98052AB7F24E000C9612 /* Project object */ = {
			isa = PBXProject;
			attributes = {
				BuildIndependentTargetsInParallel = 1;
				LastSwiftUpdateCheck = 1420;
				LastUpgradeCheck = 1420;
				TargetAttributes = {
					30EC980C2AB7F24E000C9612 = {
						CreatedOnToolsVersion = 14.2;
					};
				};
			};
			buildConfigurationList = 30EC98082AB7F24E000C9612 /* Build configuration list for PBXProject "Flicker-Demo" */;
			compatibilityVersion = "Xcode 13.0";
			developmentRegion = en;
			hasScannedForEncodings = 0;
			knownRegions = (
				en,
				Base,
			);
			mainGroup = 30EC98042AB7F24E000C9612;
			productRefGroup = 30EC980E2AB7F24E000C9612 /* Products */;
			projectDirPath = "";
			projectRoot = "";
			targets = (
				30EC980C2AB7F24E000C9612 /* Flicker-Demo */,
			);
		};
/* End PBXProject section */

/* Begin PBXResourcesBuildPhase section */
		30EC980B2AB7F24E000C9612 /* Resources */ = {
			isa = PBXResourcesBuildPhase;
			buildActionMask = 2147483647;
			files = (
				30EC981D2AB7F251000C9612 /* LaunchScreen.storyboard in Resources */,
				30EC981A2AB7F251000C9612 /* Assets.xcassets in Resources */,
			);
			runOnlyForDeploymentPostprocessing = 0;
		};
/* End PBXResourcesBuildPhase section */

/* Begin PBXShellScriptBuildPhase section */
		9A74684A75DBBD37244B6FC4 /* [CP] Embed Pods Frameworks */ = {
			isa = PBXShellScriptBuildPhase;
			buildActionMask = 2147483647;
			files = (
			);
			inputFileListPaths = (
				"${PODS_ROOT}/Target Support Files/Pods-Flicker-Demo/Pods-Flicker-Demo-frameworks-${CONFIGURATION}-input-files.xcfilelist",
			);
			name = "[CP] Embed Pods Frameworks";
			outputFileListPaths = (
				"${PODS_ROOT}/Target Support Files/Pods-Flicker-Demo/Pods-Flicker-Demo-frameworks-${CONFIGURATION}-output-files.xcfilelist",
			);
			runOnlyForDeploymentPostprocessing = 0;
			shellPath = /bin/sh;
			shellScript = "\"${PODS_ROOT}/Target Support Files/Pods-Flicker-Demo/Pods-Flicker-Demo-frameworks.sh\"\n";
			showEnvVarsInLog = 0;
		};
		D27B9D420AC51FEE8B30D3E5 /* [CP] Check Pods Manifest.lock */ = {
			isa = PBXShellScriptBuildPhase;
			buildActionMask = 2147483647;
			files = (
			);
			inputFileListPaths = (
			);
			inputPaths = (
				"${PODS_PODFILE_DIR_PATH}/Podfile.lock",
				"${PODS_ROOT}/Manifest.lock",
			);
			name = "[CP] Check Pods Manifest.lock";
			outputFileListPaths = (
			);
			outputPaths = (
				"$(DERIVED_FILE_DIR)/Pods-Flicker-Demo-checkManifestLockResult.txt",
			);
			runOnlyForDeploymentPostprocessing = 0;
			shellPath = /bin/sh;
			shellScript = "diff \"${PODS_PODFILE_DIR_PATH}/Podfile.lock\" \"${PODS_ROOT}/Manifest.lock\" > /dev/null\nif [ $? != 0 ] ; then\n    # print error to STDERR\n    echo \"error: The sandbox is not in sync with the Podfile.lock. Run 'pod install' or update your CocoaPods installation.\" >&2\n    exit 1\nfi\n# This output is used by Xcode 'outputs' to avoid re-running this script phase.\necho \"SUCCESS\" > \"${SCRIPT_OUTPUT_FILE_0}\"\n";
			showEnvVarsInLog = 0;
		};
/* End PBXShellScriptBuildPhase section */

/* Begin PBXSourcesBuildPhase section */
		30EC98092AB7F24E000C9612 /* Sources */ = {
			isa = PBXSourcesBuildPhase;
			buildActionMask = 2147483647;
			files = (
				30A3D4C82AC431B90083CC33 /* PanelLoadAnimateCell.swift in Sources */,
				30EC98152AB7F24E000C9612 /* ViewController.swift in Sources */,
				30A3D4C62AC3FE6A0083CC33 /* PanelLoadAnimateView.swift in Sources */,
				30EC98112AB7F24E000C9612 /* AppDelegate.swift in Sources */,
			);
			runOnlyForDeploymentPostprocessing = 0;
		};
/* End PBXSourcesBuildPhase section */

/* Begin PBXVariantGroup section */
		30EC981B2AB7F251000C9612 /* LaunchScreen.storyboard */ = {
			isa = PBXVariantGroup;
			children = (
				30EC981C2AB7F251000C9612 /* Base */,
			);
			name = LaunchScreen.storyboard;
			sourceTree = "<group>";
		};
/* End PBXVariantGroup section */

/* Begin XCBuildConfiguration section */
		30EC981F2AB7F251000C9612 /* Debug */ = {
			isa = XCBuildConfiguration;
			buildSettings = {
				ALWAYS_SEARCH_USER_PATHS = NO;
				CLANG_ANALYZER_NONNULL = YES;
				CLANG_ANALYZER_NUMBER_OBJECT_CONVERSION = YES_AGGRESSIVE;
				CLANG_CXX_LANGUAGE_STANDARD = "gnu++20";
				CLANG_ENABLE_MODULES = YES;
				CLANG_ENABLE_OBJC_ARC = YES;
				CLANG_ENABLE_OBJC_WEAK = YES;
				CLANG_WARN_BLOCK_CAPTURE_AUTORELEASING = YES;
				CLANG_WARN_BOOL_CONVERSION = YES;
				CLANG_WARN_COMMA = YES;
				CLANG_WARN_CONSTANT_CONVERSION = YES;
				CLANG_WARN_DEPRECATED_OBJC_IMPLEMENTATIONS = YES;
				CLANG_WARN_DIRECT_OBJC_ISA_USAGE = YES_ERROR;
				CLANG_WARN_DOCUMENTATION_COMMENTS = YES;
				CLANG_WARN_EMPTY_BODY = YES;
				CLANG_WARN_ENUM_CONVERSION = YES;
				CLANG_WARN_INFINITE_RECURSION = YES;
				CLANG_WARN_INT_CONVERSION = YES;
				CLANG_WARN_NON_LITERAL_NULL_CONVERSION = YES;
				CLANG_WARN_OBJC_IMPLICIT_RETAIN_SELF = YES;
				CLANG_WARN_OBJC_LITERAL_CONVERSION = YES;
				CLANG_WARN_OBJC_ROOT_CLASS = YES_ERROR;
				CLANG_WARN_QUOTED_INCLUDE_IN_FRAMEWORK_HEADER = YES;
				CLANG_WARN_RANGE_LOOP_ANALYSIS = YES;
				CLANG_WARN_STRICT_PROTOTYPES = YES;
				CLANG_WARN_SUSPICIOUS_MOVE = YES;
				CLANG_WARN_UNGUARDED_AVAILABILITY = YES_AGGRESSIVE;
				CLANG_WARN_UNREACHABLE_CODE = YES;
				CLANG_WARN__DUPLICATE_METHOD_MATCH = YES;
				COPY_PHASE_STRIP = NO;
				DEBUG_INFORMATION_FORMAT = dwarf;
				ENABLE_STRICT_OBJC_MSGSEND = YES;
				ENABLE_TESTABILITY = YES;
				GCC_C_LANGUAGE_STANDARD = gnu11;
				GCC_DYNAMIC_NO_PIC = NO;
				GCC_NO_COMMON_BLOCKS = YES;
				GCC_OPTIMIZATION_LEVEL = 0;
				GCC_PREPROCESSOR_DEFINITIONS = (
					"DEBUG=1",
					"$(inherited)",
				);
				GCC_WARN_64_TO_32_BIT_CONVERSION = YES;
				GCC_WARN_ABOUT_RETURN_TYPE = YES_ERROR;
				GCC_WARN_UNDECLARED_SELECTOR = YES;
				GCC_WARN_UNINITIALIZED_AUTOS = YES_AGGRESSIVE;
				GCC_WARN_UNUSED_FUNCTION = YES;
				GCC_WARN_UNUSED_VARIABLE = YES;
				IPHONEOS_DEPLOYMENT_TARGET = 16.2;
				MTL_ENABLE_DEBUG_INFO = INCLUDE_SOURCE;
				MTL_FAST_MATH = YES;
				ONLY_ACTIVE_ARCH = YES;
				SDKROOT = iphoneos;
				SWIFT_ACTIVE_COMPILATION_CONDITIONS = DEBUG;
				SWIFT_OPTIMIZATION_LEVEL = "-Onone";
			};
			name = Debug;
		};
		30EC98202AB7F251000C9612 /* Release */ = {
			isa = XCBuildConfiguration;
			buildSettings = {
				ALWAYS_SEARCH_USER_PATHS = NO;
				CLANG_ANALYZER_NONNULL = YES;
				CLANG_ANALYZER_NUMBER_OBJECT_CONVERSION = YES_AGGRESSIVE;
				CLANG_CXX_LANGUAGE_STANDARD = "gnu++20";
				CLANG_ENABLE_MODULES = YES;
				CLANG_ENABLE_OBJC_ARC = YES;
				CLANG_ENABLE_OBJC_WEAK = YES;
				CLANG_WARN_BLOCK_CAPTURE_AUTORELEASING = YES;
				CLANG_WARN_BOOL_CONVERSION = YES;
				CLANG_WARN_COMMA = YES;
				CLANG_WARN_CONSTANT_CONVERSION = YES;
				CLANG_WARN_DEPRECATED_OBJC_IMPLEMENTATIONS = YES;
				CLANG_WARN_DIRECT_OBJC_ISA_USAGE = YES_ERROR;
				CLANG_WARN_DOCUMENTATION_COMMENTS = YES;
				CLANG_WARN_EMPTY_BODY = YES;
				CLANG_WARN_ENUM_CONVERSION = YES;
				CLANG_WARN_INFINITE_RECURSION = YES;
				CLANG_WARN_INT_CONVERSION = YES;
				CLANG_WARN_NON_LITERAL_NULL_CONVERSION = YES;
				CLANG_WARN_OBJC_IMPLICIT_RETAIN_SELF = YES;
				CLANG_WARN_OBJC_LITERAL_CONVERSION = YES;
				CLANG_WARN_OBJC_ROOT_CLASS = YES_ERROR;
				CLANG_WARN_QUOTED_INCLUDE_IN_FRAMEWORK_HEADER = YES;
				CLANG_WARN_RANGE_LOOP_ANALYSIS = YES;
				CLANG_WARN_STRICT_PROTOTYPES = YES;
				CLANG_WARN_SUSPICIOUS_MOVE = YES;
				CLANG_WARN_UNGUARDED_AVAILABILITY = YES_AGGRESSIVE;
				CLANG_WARN_UNREACHABLE_CODE = YES;
				CLANG_WARN__DUPLICATE_METHOD_MATCH = YES;
				COPY_PHASE_STRIP = NO;
				DEBUG_INFORMATION_FORMAT = "dwarf-with-dsym";
				ENABLE_NS_ASSERTIONS = NO;
				ENABLE_STRICT_OBJC_MSGSEND = YES;
				GCC_C_LANGUAGE_STANDARD = gnu11;
				GCC_NO_COMMON_BLOCKS = YES;
				GCC_WARN_64_TO_32_BIT_CONVERSION = YES;
				GCC_WARN_ABOUT_RETURN_TYPE = YES_ERROR;
				GCC_WARN_UNDECLARED_SELECTOR = YES;
				GCC_WARN_UNINITIALIZED_AUTOS = YES_AGGRESSIVE;
				GCC_WARN_UNUSED_FUNCTION = YES;
				GCC_WARN_UNUSED_VARIABLE = YES;
				IPHONEOS_DEPLOYMENT_TARGET = 16.2;
				MTL_ENABLE_DEBUG_INFO = NO;
				MTL_FAST_MATH = YES;
				SDKROOT = iphoneos;
				SWIFT_COMPILATION_MODE = wholemodule;
				SWIFT_OPTIMIZATION_LEVEL = "-O";
				VALIDATE_PRODUCT = YES;
			};
			name = Release;
		};
		30EC98222AB7F251000C9612 /* Debug */ = {
			isa = XCBuildConfiguration;
			baseConfigurationReference = 6870E00FC97E5A9FA694E0D7 /* Pods-Flicker-Demo.debug.xcconfig */;
			buildSettings = {
				ASSETCATALOG_COMPILER_APPICON_NAME = AppIcon;
				ASSETCATALOG_COMPILER_GLOBAL_ACCENT_COLOR_NAME = AccentColor;
				CODE_SIGN_STYLE = Automatic;
				CURRENT_PROJECT_VERSION = 1;
				DEVELOPMENT_TEAM = T8X8L4U33S;
				GENERATE_INFOPLIST_FILE = YES;
				INFOPLIST_FILE = "Flicker-Demo/Info.plist";
				INFOPLIST_KEY_UIApplicationSupportsIndirectInputEvents = YES;
				INFOPLIST_KEY_UILaunchStoryboardName = LaunchScreen;
				INFOPLIST_KEY_UISupportedInterfaceOrientations_iPad = "UIInterfaceOrientationPortrait UIInterfaceOrientationPortraitUpsideDown UIInterfaceOrientationLandscapeLeft UIInterfaceOrientationLandscapeRight";
				INFOPLIST_KEY_UISupportedInterfaceOrientations_iPhone = "UIInterfaceOrientationPortrait UIInterfaceOrientationLandscapeLeft UIInterfaceOrientationLandscapeRight";
				LD_RUNPATH_SEARCH_PATHS = (
					"$(inherited)",
					"@executable_path/Frameworks",
				);
				MARKETING_VERSION = 1.0;
				PRODUCT_BUNDLE_IDENTIFIER = "com.pinguo.Test.Flicker-Demo";
				PRODUCT_NAME = "$(TARGET_NAME)";
				SUPPORTED_PLATFORMS = "iphoneos iphonesimulator";
				SUPPORTS_MACCATALYST = NO;
				SUPPORTS_MAC_DESIGNED_FOR_IPHONE_IPAD = NO;
				SWIFT_EMIT_LOC_STRINGS = YES;
				SWIFT_VERSION = 5.0;
				TARGETED_DEVICE_FAMILY = 1;
			};
			name = Debug;
		};
		30EC98232AB7F251000C9612 /* Release */ = {
			isa = XCBuildConfiguration;
			baseConfigurationReference = FB420D0CC8A785971472CB73 /* Pods-Flicker-Demo.release.xcconfig */;
			buildSettings = {
				ASSETCATALOG_COMPILER_APPICON_NAME = AppIcon;
				ASSETCATALOG_COMPILER_GLOBAL_ACCENT_COLOR_NAME = AccentColor;
				CODE_SIGN_STYLE = Automatic;
				CURRENT_PROJECT_VERSION = 1;
				DEVELOPMENT_TEAM = T8X8L4U33S;
				GENERATE_INFOPLIST_FILE = YES;
				INFOPLIST_FILE = "Flicker-Demo/Info.plist";
				INFOPLIST_KEY_UIApplicationSupportsIndirectInputEvents = YES;
				INFOPLIST_KEY_UILaunchStoryboardName = LaunchScreen;
				INFOPLIST_KEY_UISupportedInterfaceOrientations_iPad = "UIInterfaceOrientationPortrait UIInterfaceOrientationPortraitUpsideDown UIInterfaceOrientationLandscapeLeft UIInterfaceOrientationLandscapeRight";
				INFOPLIST_KEY_UISupportedInterfaceOrientations_iPhone = "UIInterfaceOrientationPortrait UIInterfaceOrientationLandscapeLeft UIInterfaceOrientationLandscapeRight";
				LD_RUNPATH_SEARCH_PATHS = (
					"$(inherited)",
					"@executable_path/Frameworks",
				);
				MARKETING_VERSION = 1.0;
				PRODUCT_BUNDLE_IDENTIFIER = "com.pinguo.Test.Flicker-Demo";
				PRODUCT_NAME = "$(TARGET_NAME)";
				SUPPORTED_PLATFORMS = "iphoneos iphonesimulator";
				SUPPORTS_MACCATALYST = NO;
				SUPPORTS_MAC_DESIGNED_FOR_IPHONE_IPAD = NO;
				SWIFT_EMIT_LOC_STRINGS = YES;
				SWIFT_VERSION = 5.0;
				TARGETED_DEVICE_FAMILY = 1;
			};
			name = Release;
		};
/* End XCBuildConfiguration section */

/* Begin XCConfigurationList section */
		30EC98082AB7F24E000C9612 /* Build configuration list for PBXProject "Flicker-Demo" */ = {
			isa = XCConfigurationList;
			buildConfigurations = (
				30EC981F2AB7F251000C9612 /* Debug */,
				30EC98202AB7F251000C9612 /* Release */,
			);
			defaultConfigurationIsVisible = 0;
			defaultConfigurationName = Release;
		};
		30EC98212AB7F251000C9612 /* Build configuration list for PBXNativeTarget "Flicker-Demo" */ = {
			isa = XCConfigurationList;
			buildConfigurations = (
				30EC98222AB7F251000C9612 /* Debug */,
				30EC98232AB7F251000C9612 /* Release */,
			);
			defaultConfigurationIsVisible = 0;
			defaultConfigurationName = Release;
		};
/* End XCConfigurationList section */
	};
	rootObject = 30EC98052AB7F24E000C9612 /* Project object */;
}
